// !$*UTF8*$!
{
	archiveVersion = 1;
	classes = {
	};
	objectVersion = 46;
	objects = {

/* Begin PBXBuildFile section */
		4C0354D01D5658AD00E7459D /* PostTableViewCell.xib in Resources */ = {isa = PBXBuildFile; fileRef = 4C0354CF1D5658AD00E7459D /* PostTableViewCell.xib */; };
		4C066AA11E5BB5F200B85D6F /* KeyboardObservable.swift in Sources */ = {isa = PBXBuildFile; fileRef = 4C066AA01E5BB5F200B85D6F /* KeyboardObservable.swift */; };
		4C066AA41E5BB6EA00B85D6F /* KeyboardScrollable.swift in Sources */ = {isa = PBXBuildFile; fileRef = 4C066AA31E5BB6EA00B85D6F /* KeyboardScrollable.swift */; };
		4C066AA71E5BBD2B00B85D6F /* Constraint.swift in Sources */ = {isa = PBXBuildFile; fileRef = 4C066AA61E5BBD2B00B85D6F /* Constraint.swift */; };
		4C066AAA1E5BBF9A00B85D6F /* Message.swift in Sources */ = {isa = PBXBuildFile; fileRef = 4C066AA91E5BBF9A00B85D6F /* Message.swift */; };
		4C066AAC1E5BC3FE00B85D6F /* Messageable.swift in Sources */ = {isa = PBXBuildFile; fileRef = 4C066AAB1E5BC3FD00B85D6F /* Messageable.swift */; };
		4C06E03D1D4ACB8F005933A9 /* UIImageView+.swift in Sources */ = {isa = PBXBuildFile; fileRef = 4C06E03C1D4ACB8F005933A9 /* UIImageView+.swift */; };
		4C06E03E1D4ACEB5005933A9 /* Main.storyboard in Resources */ = {isa = PBXBuildFile; fileRef = 4C69826B1CD3D7A4005ABCF1 /* Main.storyboard */; };
		4C0EE7AB1E5E0EE500BCE74B /* MessageableView.swift in Sources */ = {isa = PBXBuildFile; fileRef = 4C0EE7AA1E5E0EE500BCE74B /* MessageableView.swift */; };
		4C147A6B1DADA759002CA992 /* UserLoginDataTest.swift in Sources */ = {isa = PBXBuildFile; fileRef = 4C147A6A1DADA759002CA992 /* UserLoginDataTest.swift */; };
		4C1504271DD3DFFC00A952EF /* InstanceRetrievable.swift in Sources */ = {isa = PBXBuildFile; fileRef = 4C1504261DD3DFFC00A952EF /* InstanceRetrievable.swift */; };
		4C1DF2271D52BA9300C533CB /* ConsumerProfileTableViewController.swift in Sources */ = {isa = PBXBuildFile; fileRef = 4C1DF2261D52BA9300C533CB /* ConsumerProfileTableViewController.swift */; };
		4C1DF22A1D52BCCB00C533CB /* ConsumerProfileTitleCell.swift in Sources */ = {isa = PBXBuildFile; fileRef = 4C1DF2291D52BCCB00C533CB /* ConsumerProfileTitleCell.swift */; };
		4C1FDC631E09B557004C0D96 /* PersistentModelRecursible.swift in Sources */ = {isa = PBXBuildFile; fileRef = 4C1FDC621E09B557004C0D96 /* PersistentModelRecursible.swift */; };
		4C1FDC651E09C7C0004C0D96 /* ConsumerDataTest.swift in Sources */ = {isa = PBXBuildFile; fileRef = 4C1FDC641E09C7C0004C0D96 /* ConsumerDataTest.swift */; };
		4C1FDC671E09CB07004C0D96 /* ChefDataTest.swift in Sources */ = {isa = PBXBuildFile; fileRef = 4C1FDC661E09CB07004C0D96 /* ChefDataTest.swift */; };
		4C1FDC6B1E09DA8D004C0D96 /* TypeHelper.swift in Sources */ = {isa = PBXBuildFile; fileRef = 4C1FDC6A1E09DA8D004C0D96 /* TypeHelper.swift */; };
		4C2510B91DAA5BD3001112E5 /* Insertable.swift in Sources */ = {isa = PBXBuildFile; fileRef = 4C2510B81DAA5BD2001112E5 /* Insertable.swift */; };
		4C2510BB1DAA6A98001112E5 /* Deletable.swift in Sources */ = {isa = PBXBuildFile; fileRef = 4C2510BA1DAA6A98001112E5 /* Deletable.swift */; };
		4C27F0971D3D567600D64E13 /* PostTest.swift in Sources */ = {isa = PBXBuildFile; fileRef = 4C27F0961D3D567600D64E13 /* PostTest.swift */; };
		4C35D4101DFA36B000CF5A8F /* ModelRecursible.swift in Sources */ = {isa = PBXBuildFile; fileRef = 4C35D40F1DFA36B000CF5A8F /* ModelRecursible.swift */; };
		4C35D4121DFA38C600CF5A8F /* ModelNonRecursible.swift in Sources */ = {isa = PBXBuildFile; fileRef = 4C35D4111DFA38C600CF5A8F /* ModelNonRecursible.swift */; };
		4C385EBF1DFF9F8E0034C190 /* TestRequest.swift in Sources */ = {isa = PBXBuildFile; fileRef = 4C385EBE1DFF9F8D0034C190 /* TestRequest.swift */; };
		4C385EC21DFF9FCC0034C190 /* TestResult.swift in Sources */ = {isa = PBXBuildFile; fileRef = 4C385EC11DFF9FCC0034C190 /* TestResult.swift */; };
		4C385EC41DFFA01A0034C190 /* TestAPIModel.swift in Sources */ = {isa = PBXBuildFile; fileRef = 4C385EC31DFFA01A0034C190 /* TestAPIModel.swift */; };
		4C385EC71DFFA0D30034C190 /* TestTest.swift in Sources */ = {isa = PBXBuildFile; fileRef = 4C385EC61DFFA0D30034C190 /* TestTest.swift */; };
		4C42CC961D90A422008B2FCA /* Fetchable.swift in Sources */ = {isa = PBXBuildFile; fileRef = 4C42CC951D90A422008B2FCA /* Fetchable.swift */; };
		4C4851591D20523000223B4F /* UserTest.swift in Sources */ = {isa = PBXBuildFile; fileRef = 4C4851581D20523000223B4F /* UserTest.swift */; };
		4C48517B1D2080CE00223B4F /* UserLoginTest.swift in Sources */ = {isa = PBXBuildFile; fileRef = 4C48517A1D2080CE00223B4F /* UserLoginTest.swift */; };
		4C4E20791E0E0757000D462F /* PropertiesAccessible.swift in Sources */ = {isa = PBXBuildFile; fileRef = 4C4E20781E0E0757000D462F /* PropertiesAccessible.swift */; };
		4C4E207B1E0E075E000D462F /* PropertiesEquatable.swift in Sources */ = {isa = PBXBuildFile; fileRef = 4C4E207A1E0E075E000D462F /* PropertiesEquatable.swift */; };
		4C586D681D8A2E0D008A1A7B /* DragonUITests.swift in Sources */ = {isa = PBXBuildFile; fileRef = 4C586D671D8A2E0D008A1A7B /* DragonUITests.swift */; };
		4C5DB67F1E2601A1002E7CD3 /* EditProfileBasicCell.swift in Sources */ = {isa = PBXBuildFile; fileRef = 4C5DB67E1E2601A1002E7CD3 /* EditProfileBasicCell.swift */; };
		4C5DB6811E2601AA002E7CD3 /* EditProfileBirthdayCell.swift in Sources */ = {isa = PBXBuildFile; fileRef = 4C5DB6801E2601AA002E7CD3 /* EditProfileBirthdayCell.swift */; };
		4C5DB6831E2601BF002E7CD3 /* EditProfileBasicCell.xib in Resources */ = {isa = PBXBuildFile; fileRef = 4C5DB6821E2601BF002E7CD3 /* EditProfileBasicCell.xib */; };
		4C5DB6851E2601C9002E7CD3 /* EditProfileBirthdayCell.xib in Resources */ = {isa = PBXBuildFile; fileRef = 4C5DB6841E2601C9002E7CD3 /* EditProfileBirthdayCell.xib */; };
		4C5DB6871E2601D9002E7CD3 /* EditProfileGenderCell.xib in Resources */ = {isa = PBXBuildFile; fileRef = 4C5DB6861E2601D9002E7CD3 /* EditProfileGenderCell.xib */; };
		4C5DB6891E2601E5002E7CD3 /* EditProfileGenderCell.swift in Sources */ = {isa = PBXBuildFile; fileRef = 4C5DB6881E2601E5002E7CD3 /* EditProfileGenderCell.swift */; };
		4C5DB68B1E26026A002E7CD3 /* EditProfileTableViewController.swift in Sources */ = {isa = PBXBuildFile; fileRef = 4C5DB68A1E26026A002E7CD3 /* EditProfileTableViewController.swift */; };
		4C5DB68E1E2604F1002E7CD3 /* EditProfilePhotoCell.xib in Resources */ = {isa = PBXBuildFile; fileRef = 4C5DB68D1E2604F1002E7CD3 /* EditProfilePhotoCell.xib */; };
		4C5DB6901E2604FD002E7CD3 /* EditProfilePhotoCell.swift in Sources */ = {isa = PBXBuildFile; fileRef = 4C5DB68F1E2604FD002E7CD3 /* EditProfilePhotoCell.swift */; };
		4C5DB6941E260CBC002E7CD3 /* EditProfileCell.swift in Sources */ = {isa = PBXBuildFile; fileRef = 4C5DB6931E260CBC002E7CD3 /* EditProfileCell.swift */; };
		4C60C4F91E0FB0D9008C8FFE /* EqualityTest.swift in Sources */ = {isa = PBXBuildFile; fileRef = 4C60C4F81E0FB0D9008C8FFE /* EqualityTest.swift */; };
		4C622FEE1E3D4C8800CE2150 /* MainQueue.swift in Sources */ = {isa = PBXBuildFile; fileRef = 4C622FED1E3D4C8800CE2150 /* MainQueue.swift */; };
		4C622FF01E3D4C9000CE2150 /* BackgroundQueue.swift in Sources */ = {isa = PBXBuildFile; fileRef = 4C622FEF1E3D4C9000CE2150 /* BackgroundQueue.swift */; };
		4C622FF21E3D590300CE2150 /* Queueable.swift in Sources */ = {isa = PBXBuildFile; fileRef = 4C622FF11E3D590300CE2150 /* Queueable.swift */; };
		4C622FF41E3D5A0D00CE2150 /* Cacheable.swift in Sources */ = {isa = PBXBuildFile; fileRef = 4C622FF31E3D5A0D00CE2150 /* Cacheable.swift */; };
		4C622FF71E3D650600CE2150 /* UIImageCacheTest.swift in Sources */ = {isa = PBXBuildFile; fileRef = 4C622FF61E3D650600CE2150 /* UIImageCacheTest.swift */; };
		4C6982681CD3D7A4005ABCF1 /* AppDelegate.swift in Sources */ = {isa = PBXBuildFile; fileRef = 4C6982671CD3D7A4005ABCF1 /* AppDelegate.swift */; };
		4C69826A1CD3D7A4005ABCF1 /* LoginViewController.swift in Sources */ = {isa = PBXBuildFile; fileRef = 4C6982691CD3D7A4005ABCF1 /* LoginViewController.swift */; };
		4C6982701CD3D7A4005ABCF1 /* Dragon.xcdatamodeld in Sources */ = {isa = PBXBuildFile; fileRef = 4C69826E1CD3D7A4005ABCF1 /* Dragon.xcdatamodeld */; };
		4C6982721CD3D7A4005ABCF1 /* Assets.xcassets in Resources */ = {isa = PBXBuildFile; fileRef = 4C6982711CD3D7A4005ABCF1 /* Assets.xcassets */; };
		4C6982751CD3D7A4005ABCF1 /* LaunchScreen.storyboard in Resources */ = {isa = PBXBuildFile; fileRef = 4C6982731CD3D7A4005ABCF1 /* LaunchScreen.storyboard */; };
		4C6982801CD3D7A4005ABCF1 /* DragonTest.swift in Sources */ = {isa = PBXBuildFile; fileRef = 4C69827F1CD3D7A4005ABCF1 /* DragonTest.swift */; };
		4C69828D1CD3D847005ABCF1 /* APIRequest.swift in Sources */ = {isa = PBXBuildFile; fileRef = 4C69828C1CD3D847005ABCF1 /* APIRequest.swift */; };
		4C69828F1CD3D865005ABCF1 /* APIResult.swift in Sources */ = {isa = PBXBuildFile; fileRef = 4C69828E1CD3D865005ABCF1 /* APIResult.swift */; };
		4C6982911CD3DC07005ABCF1 /* APIHost.swift in Sources */ = {isa = PBXBuildFile; fileRef = 4C6982901CD3DC07005ABCF1 /* APIHost.swift */; };
		4C6982951CD40D26005ABCF1 /* UserRequest.swift in Sources */ = {isa = PBXBuildFile; fileRef = 4C6982941CD40D26005ABCF1 /* UserRequest.swift */; };
		4C6982981CD41282005ABCF1 /* UserAPIModel.swift in Sources */ = {isa = PBXBuildFile; fileRef = 4C6982971CD41282005ABCF1 /* UserAPIModel.swift */; };
		4C6982A11CD4133F005ABCF1 /* UserGender.swift in Sources */ = {isa = PBXBuildFile; fileRef = 4C6982A01CD4133F005ABCF1 /* UserGender.swift */; };
		4C7A82BF1D3EAF8200638FBE /* ConsumerTest.swift in Sources */ = {isa = PBXBuildFile; fileRef = 4C7A82BE1D3EAF8200638FBE /* ConsumerTest.swift */; };
		4C7A82C11D3EAFD800638FBE /* ConsumerRequest.swift in Sources */ = {isa = PBXBuildFile; fileRef = 4C7A82C01D3EAFD800638FBE /* ConsumerRequest.swift */; };
		4C7A82C31D3EB03200638FBE /* ConsumerResult.swift in Sources */ = {isa = PBXBuildFile; fileRef = 4C7A82C21D3EB03200638FBE /* ConsumerResult.swift */; };
		4C7A82CB1D3EC2B700638FBE /* PostPageResult.swift in Sources */ = {isa = PBXBuildFile; fileRef = 4C7A82CA1D3EC2B700638FBE /* PostPageResult.swift */; };
		4C7A82D41D3EC41D00638FBE /* PostPageTest.swift in Sources */ = {isa = PBXBuildFile; fileRef = 4C7A82D31D3EC41D00638FBE /* PostPageTest.swift */; };
		4C7A82D71D3EC9C200638FBE /* Date+.swift in Sources */ = {isa = PBXBuildFile; fileRef = 4C7A82D61D3EC9C200638FBE /* Date+.swift */; };
		4C7A82D91D3EC9F400638FBE /* String+.swift in Sources */ = {isa = PBXBuildFile; fileRef = 4C7A82D81D3EC9F400638FBE /* String+.swift */; };
		4C7BEC3D1E3C9348009F4B36 /* EditProfileCellType.swift in Sources */ = {isa = PBXBuildFile; fileRef = 4C7BEC3C1E3C9348009F4B36 /* EditProfileCellType.swift */; };
		4C880F491DFE419400A4DFB0 /* ChildrenIdentifiable.swift in Sources */ = {isa = PBXBuildFile; fileRef = 4C880F481DFE419400A4DFB0 /* ChildrenIdentifiable.swift */; };
		4C94FAFC1DA033F400CFFBFC /* PostDataTest.swift in Sources */ = {isa = PBXBuildFile; fileRef = 4C94FAFB1DA033F400CFFBFC /* PostDataTest.swift */; };
		4C9655541D0E0F0200011EAC /* UserLoginRequest.swift in Sources */ = {isa = PBXBuildFile; fileRef = 4C9655531D0E0F0200011EAC /* UserLoginRequest.swift */; };
		4C9655561D0E102F00011EAC /* UserLoginResult.swift in Sources */ = {isa = PBXBuildFile; fileRef = 4C9655551D0E102F00011EAC /* UserLoginResult.swift */; };
		4C9655581D0E109400011EAC /* PostRequest.swift in Sources */ = {isa = PBXBuildFile; fileRef = 4C9655571D0E109400011EAC /* PostRequest.swift */; };
		4C96555A1D0E11BE00011EAC /* PostResult.swift in Sources */ = {isa = PBXBuildFile; fileRef = 4C9655591D0E11BE00011EAC /* PostResult.swift */; };
		4C9655621D0E436600011EAC /* Enumerable.swift in Sources */ = {isa = PBXBuildFile; fileRef = 4C9655611D0E436600011EAC /* Enumerable.swift */; };
		4CA3C0561E467A1E00BDCF69 /* Loggable.swift in Sources */ = {isa = PBXBuildFile; fileRef = 4CA3C0551E467A1E00BDCF69 /* Loggable.swift */; };
		4CA3C0581E46831800BDCF69 /* ClassValidatable.swift in Sources */ = {isa = PBXBuildFile; fileRef = 4CA3C0571E46831800BDCF69 /* ClassValidatable.swift */; };
		4CAA3E5A1D80C16C0015FA43 /* Model.swift in Sources */ = {isa = PBXBuildFile; fileRef = 4CAA3E591D80C16C0015FA43 /* Model.swift */; };
		4CB67D241D8B42A500196579 /* PrettyPrintable.swift in Sources */ = {isa = PBXBuildFile; fileRef = 4CB67D231D8B42A400196579 /* PrettyPrintable.swift */; };
		4CB7799B1DA183C300966D40 /* UserDataTest.swift in Sources */ = {isa = PBXBuildFile; fileRef = 4CB7799A1DA183C300966D40 /* UserDataTest.swift */; };
		4CC40DA91D516F8D00B5D4BE /* BlobRequest.swift in Sources */ = {isa = PBXBuildFile; fileRef = 4CC40DA81D516F8D00B5D4BE /* BlobRequest.swift */; };
		4CC40DAC1D51708300B5D4BE /* BlobResult.swift in Sources */ = {isa = PBXBuildFile; fileRef = 4CC40DAB1D51708300B5D4BE /* BlobResult.swift */; };
		4CC40DAF1D5172D700B5D4BE /* BlobTest.swift in Sources */ = {isa = PBXBuildFile; fileRef = 4CC40DAE1D5172D700B5D4BE /* BlobTest.swift */; };
		4CC40DB31D51819200B5D4BE /* UIImage+.swift in Sources */ = {isa = PBXBuildFile; fileRef = 4CC40DB21D51819200B5D4BE /* UIImage+.swift */; };
		4CC40DB51D51838000B5D4BE /* Collection+.swift in Sources */ = {isa = PBXBuildFile; fileRef = 4CC40DB41D51838000B5D4BE /* Collection+.swift */; };
		4CC60D981DB2CB87002A5EE0 /* UIActivityIndicatorView+.swift in Sources */ = {isa = PBXBuildFile; fileRef = 4CC60D971DB2CB87002A5EE0 /* UIActivityIndicatorView+.swift */; };
		4CC674751D80E82C001BCA67 /* UserLogin.swift in Sources */ = {isa = PBXBuildFile; fileRef = 4CC674741D80E82C001BCA67 /* UserLogin.swift */; };
		4CC674771D80E855001BCA67 /* User.swift in Sources */ = {isa = PBXBuildFile; fileRef = 4CC674761D80E855001BCA67 /* User.swift */; };
		4CC674791D80E8A5001BCA67 /* Album.swift in Sources */ = {isa = PBXBuildFile; fileRef = 4CC674781D80E8A5001BCA67 /* Album.swift */; };
		4CC6747B1D80E8AD001BCA67 /* Blob.swift in Sources */ = {isa = PBXBuildFile; fileRef = 4CC6747A1D80E8AD001BCA67 /* Blob.swift */; };
		4CC6747D1D80E8B2001BCA67 /* Chef.swift in Sources */ = {isa = PBXBuildFile; fileRef = 4CC6747C1D80E8B2001BCA67 /* Chef.swift */; };
		4CC6747F1D80E8B8001BCA67 /* Consumer.swift in Sources */ = {isa = PBXBuildFile; fileRef = 4CC6747E1D80E8B8001BCA67 /* Consumer.swift */; };
		4CC674811D80E8C5001BCA67 /* Location.swift in Sources */ = {isa = PBXBuildFile; fileRef = 4CC674801D80E8C5001BCA67 /* Location.swift */; };
		4CC674831D80E8D3001BCA67 /* Order.swift in Sources */ = {isa = PBXBuildFile; fileRef = 4CC674821D80E8D3001BCA67 /* Order.swift */; };
		4CC674851D80E8D9001BCA67 /* OrderSummary.swift in Sources */ = {isa = PBXBuildFile; fileRef = 4CC674841D80E8D9001BCA67 /* OrderSummary.swift */; };
		4CC674871D80E8DF001BCA67 /* OrderTime.swift in Sources */ = {isa = PBXBuildFile; fileRef = 4CC674861D80E8DF001BCA67 /* OrderTime.swift */; };
		4CC674891D80E8E5001BCA67 /* Post.swift in Sources */ = {isa = PBXBuildFile; fileRef = 4CC674881D80E8E5001BCA67 /* Post.swift */; };
		4CC6748B1D80E8EF001BCA67 /* Review.swift in Sources */ = {isa = PBXBuildFile; fileRef = 4CC6748A1D80E8EF001BCA67 /* Review.swift */; };
		4CC780C31DD27C5A00E93EB4 /* FieldNameConverter.swift in Sources */ = {isa = PBXBuildFile; fileRef = 4CC780C21DD27C5A00E93EB4 /* FieldNameConverter.swift */; };
		4CC947451D4AE03F00426AA6 /* PostTableViewCell.swift in Sources */ = {isa = PBXBuildFile; fileRef = 4CC947441D4AE03F00426AA6 /* PostTableViewCell.swift */; };
		4CCD0A561CD8EE080081A28B /* UserLoginAPIModel.swift in Sources */ = {isa = PBXBuildFile; fileRef = 4CCD0A551CD8EE080081A28B /* UserLoginAPIModel.swift */; };
		4CCD0A581CD8EEFE0081A28B /* APIModel.swift in Sources */ = {isa = PBXBuildFile; fileRef = 4CCD0A571CD8EEFE0081A28B /* APIModel.swift */; };
		4CCD0A5A1CD8F3280081A28B /* PostAPIModel.swift in Sources */ = {isa = PBXBuildFile; fileRef = 4CCD0A591CD8F3280081A28B /* PostAPIModel.swift */; };
		4CCD0A5F1CD8F7120081A28B /* FieldNameHelper.swift in Sources */ = {isa = PBXBuildFile; fileRef = 4CCD0A5E1CD8F7120081A28B /* FieldNameHelper.swift */; };
		4CCD0A611CD91BC80081A28B /* ReviewAPIModel.swift in Sources */ = {isa = PBXBuildFile; fileRef = 4CCD0A601CD91BC80081A28B /* ReviewAPIModel.swift */; };
		4CCD0A631CD91DAA0081A28B /* OrderTimeAPIModel.swift in Sources */ = {isa = PBXBuildFile; fileRef = 4CCD0A621CD91DAA0081A28B /* OrderTimeAPIModel.swift */; };
		4CCD0A651CD91DE70081A28B /* OrderSummaryAPIModel.swift in Sources */ = {isa = PBXBuildFile; fileRef = 4CCD0A641CD91DE70081A28B /* OrderSummaryAPIModel.swift */; };
		4CCD0A671CD91E170081A28B /* OrderAPIModel.swift in Sources */ = {isa = PBXBuildFile; fileRef = 4CCD0A661CD91E170081A28B /* OrderAPIModel.swift */; };
		4CCD0A691CD91E4F0081A28B /* LocationAPIModel.swift in Sources */ = {isa = PBXBuildFile; fileRef = 4CCD0A681CD91E4F0081A28B /* LocationAPIModel.swift */; };
		4CCD0A6B1CD91EAC0081A28B /* ConsumerAPIModel.swift in Sources */ = {isa = PBXBuildFile; fileRef = 4CCD0A6A1CD91EAC0081A28B /* ConsumerAPIModel.swift */; };
		4CCD0A6D1CD91F580081A28B /* ChefAPIModel.swift in Sources */ = {isa = PBXBuildFile; fileRef = 4CCD0A6C1CD91F580081A28B /* ChefAPIModel.swift */; };
		4CCD0A6F1CD91F7B0081A28B /* BlobAPIModel.swift in Sources */ = {isa = PBXBuildFile; fileRef = 4CCD0A6E1CD91F7B0081A28B /* BlobAPIModel.swift */; };
		4CCD0A711CD91FD50081A28B /* AlbumAPIModel.swift in Sources */ = {isa = PBXBuildFile; fileRef = 4CCD0A701CD91FD50081A28B /* AlbumAPIModel.swift */; };
		4CCD0A731CD920090081A28B /* UserLoginAccessLevel.swift in Sources */ = {isa = PBXBuildFile; fileRef = 4CCD0A721CD920090081A28B /* UserLoginAccessLevel.swift */; };
		4CCD0A781CD9347A0081A28B /* PostStatus.swift in Sources */ = {isa = PBXBuildFile; fileRef = 4CCD0A771CD9347A0081A28B /* PostStatus.swift */; };
		4CCD0A7E1CD939AF0081A28B /* OrderType.swift in Sources */ = {isa = PBXBuildFile; fileRef = 4CCD0A7D1CD939AF0081A28B /* OrderType.swift */; };
		4CCD0A801CD93A2C0081A28B /* OrderStatus.swift in Sources */ = {isa = PBXBuildFile; fileRef = 4CCD0A7F1CD93A2C0081A28B /* OrderStatus.swift */; };
		4CCD0A821CD93AEC0081A28B /* LocationType.swift in Sources */ = {isa = PBXBuildFile; fileRef = 4CCD0A811CD93AEC0081A28B /* LocationType.swift */; };
		4CCD0A841CD93B4F0081A28B /* LocationPurpose.swift in Sources */ = {isa = PBXBuildFile; fileRef = 4CCD0A831CD93B4F0081A28B /* LocationPurpose.swift */; };
		4CD48F441D5251C30009D6A2 /* ScreenHelper.swift in Sources */ = {isa = PBXBuildFile; fileRef = 4CD48F431D5251C30009D6A2 /* ScreenHelper.swift */; };
		4CD48F461D5267900009D6A2 /* PostDetailTableViewController.swift in Sources */ = {isa = PBXBuildFile; fileRef = 4CD48F451D5267900009D6A2 /* PostDetailTableViewController.swift */; };
		4CD48F491D526E030009D6A2 /* PostDetailTitleCell.swift in Sources */ = {isa = PBXBuildFile; fileRef = 4CD48F481D526E030009D6A2 /* PostDetailTitleCell.swift */; };
		4CD48F4B1D527D650009D6A2 /* PostDetailSummaryCell.swift in Sources */ = {isa = PBXBuildFile; fileRef = 4CD48F4A1D527D650009D6A2 /* PostDetailSummaryCell.swift */; };
		4CDA11081D47F37B002C62FD /* UserModifyTest.swift in Sources */ = {isa = PBXBuildFile; fileRef = 4CDA11071D47F37B002C62FD /* UserModifyTest.swift */; };
		4CDA110A1D47F3A5002C62FD /* UserModifyRequest.swift in Sources */ = {isa = PBXBuildFile; fileRef = 4CDA11091D47F3A5002C62FD /* UserModifyRequest.swift */; };
		4CDA11101D47FA15002C62FD /* UserModifyResult.swift in Sources */ = {isa = PBXBuildFile; fileRef = 4CDA110F1D47FA15002C62FD /* UserModifyResult.swift */; };
		4CDA11141D4805A3002C62FD /* UserCreateTest.swift in Sources */ = {isa = PBXBuildFile; fileRef = 4CDA11131D4805A3002C62FD /* UserCreateTest.swift */; };
		4CDA11161D4805C1002C62FD /* UserCreateRequest.swift in Sources */ = {isa = PBXBuildFile; fileRef = 4CDA11151D4805C1002C62FD /* UserCreateRequest.swift */; };
		4CDA11181D4806A2002C62FD /* UserCreateResult.swift in Sources */ = {isa = PBXBuildFile; fileRef = 4CDA11171D4806A2002C62FD /* UserCreateResult.swift */; };
		4CDA111C1D4807EF002C62FD /* RandomStringAllow.swift in Sources */ = {isa = PBXBuildFile; fileRef = 4CDA111B1D4807EF002C62FD /* RandomStringAllow.swift */; };
		4CE15B291E5B89F800CF6085 /* UITableViewController+.swift in Sources */ = {isa = PBXBuildFile; fileRef = 4CE15B281E5B89F800CF6085 /* UITableViewController+.swift */; };
		4CE15B2C1E5B8CDB00CF6085 /* RefreshControllable.swift in Sources */ = {isa = PBXBuildFile; fileRef = 4CE15B2B1E5B8CDB00CF6085 /* RefreshControllable.swift */; };
		4CE166E21D398DFC003589D0 /* Log.swift in Sources */ = {isa = PBXBuildFile; fileRef = 4CE166DF1D3959DC003589D0 /* Log.swift */; };
		4CE468141D3BEC53000B95DE /* PostPageRequest.swift in Sources */ = {isa = PBXBuildFile; fileRef = 4CE468131D3BEC53000B95DE /* PostPageRequest.swift */; };
		4CE632421CDAA2F60085F54C /* UserResult.swift in Sources */ = {isa = PBXBuildFile; fileRef = 4CE632411CDAA2F60085F54C /* UserResult.swift */; };
		4CF12FDE1D80F82800E284CF /* Dragon.xcdatamodeld in Sources */ = {isa = PBXBuildFile; fileRef = 4C69826E1CD3D7A4005ABCF1 /* Dragon.xcdatamodeld */; };
		4CF29B651DC17B920076F14F /* UIImageCache.swift in Sources */ = {isa = PBXBuildFile; fileRef = 4CF29B641DC17B920076F14F /* UIImageCache.swift */; };
		4CF75D521DAC50C700E9EB39 /* Updatable.swift in Sources */ = {isa = PBXBuildFile; fileRef = 4CF75D511DAC50C700E9EB39 /* Updatable.swift */; };
		4CF75D551DAC515C00E9EB39 /* Manageable.swift in Sources */ = {isa = PBXBuildFile; fileRef = 4CF75D541DAC515C00E9EB39 /* Manageable.swift */; };
		4CFF11D01D497E600062B33A /* UIViewController+.swift in Sources */ = {isa = PBXBuildFile; fileRef = 4CFF11CF1D497E600062B33A /* UIViewController+.swift */; };
		4CFF11D51D498CDD0062B33A /* HomeTableViewController.swift in Sources */ = {isa = PBXBuildFile; fileRef = 4CFF11D41D498CDD0062B33A /* HomeTableViewController.swift */; };
/* End PBXBuildFile section */

/* Begin PBXContainerItemProxy section */
		4C586D6A1D8A2E0D008A1A7B /* PBXContainerItemProxy */ = {
			isa = PBXContainerItemProxy;
			containerPortal = 4C69825C1CD3D7A4005ABCF1 /* Project object */;
			proxyType = 1;
			remoteGlobalIDString = 4C6982631CD3D7A4005ABCF1;
			remoteInfo = Dragon;
		};
		4C69827C1CD3D7A4005ABCF1 /* PBXContainerItemProxy */ = {
			isa = PBXContainerItemProxy;
			containerPortal = 4C69825C1CD3D7A4005ABCF1 /* Project object */;
			proxyType = 1;
			remoteGlobalIDString = 4C6982631CD3D7A4005ABCF1;
			remoteInfo = Dragon;
		};
/* End PBXContainerItemProxy section */

/* Begin PBXFileReference section */
		4C0354CF1D5658AD00E7459D /* PostTableViewCell.xib */ = {isa = PBXFileReference; fileEncoding = 4; lastKnownFileType = file.xib; path = PostTableViewCell.xib; sourceTree = "<group>"; };
		4C066AA01E5BB5F200B85D6F /* KeyboardObservable.swift */ = {isa = PBXFileReference; fileEncoding = 4; lastKnownFileType = sourcecode.swift; path = KeyboardObservable.swift; sourceTree = "<group>"; };
		4C066AA31E5BB6EA00B85D6F /* KeyboardScrollable.swift */ = {isa = PBXFileReference; fileEncoding = 4; lastKnownFileType = sourcecode.swift; path = KeyboardScrollable.swift; sourceTree = "<group>"; };
		4C066AA61E5BBD2B00B85D6F /* Constraint.swift */ = {isa = PBXFileReference; fileEncoding = 4; lastKnownFileType = sourcecode.swift; path = Constraint.swift; sourceTree = "<group>"; };
		4C066AA91E5BBF9A00B85D6F /* Message.swift */ = {isa = PBXFileReference; fileEncoding = 4; lastKnownFileType = sourcecode.swift; path = Message.swift; sourceTree = "<group>"; };
		4C066AAB1E5BC3FD00B85D6F /* Messageable.swift */ = {isa = PBXFileReference; fileEncoding = 4; lastKnownFileType = sourcecode.swift; path = Messageable.swift; sourceTree = "<group>"; };
		4C06E03C1D4ACB8F005933A9 /* UIImageView+.swift */ = {isa = PBXFileReference; fileEncoding = 4; lastKnownFileType = sourcecode.swift; path = "UIImageView+.swift"; sourceTree = "<group>"; };
		4C0EE7AA1E5E0EE500BCE74B /* MessageableView.swift */ = {isa = PBXFileReference; fileEncoding = 4; lastKnownFileType = sourcecode.swift; path = MessageableView.swift; sourceTree = "<group>"; };
		4C147A6A1DADA759002CA992 /* UserLoginDataTest.swift */ = {isa = PBXFileReference; fileEncoding = 4; lastKnownFileType = sourcecode.swift; path = UserLoginDataTest.swift; sourceTree = "<group>"; };
		4C1504261DD3DFFC00A952EF /* InstanceRetrievable.swift */ = {isa = PBXFileReference; fileEncoding = 4; lastKnownFileType = sourcecode.swift; path = InstanceRetrievable.swift; sourceTree = "<group>"; };
		4C1DF2261D52BA9300C533CB /* ConsumerProfileTableViewController.swift */ = {isa = PBXFileReference; fileEncoding = 4; lastKnownFileType = sourcecode.swift; path = ConsumerProfileTableViewController.swift; sourceTree = "<group>"; };
		4C1DF2291D52BCCB00C533CB /* ConsumerProfileTitleCell.swift */ = {isa = PBXFileReference; fileEncoding = 4; lastKnownFileType = sourcecode.swift; path = ConsumerProfileTitleCell.swift; sourceTree = "<group>"; };
		4C1FDC621E09B557004C0D96 /* PersistentModelRecursible.swift */ = {isa = PBXFileReference; fileEncoding = 4; lastKnownFileType = sourcecode.swift; path = PersistentModelRecursible.swift; sourceTree = "<group>"; };
		4C1FDC641E09C7C0004C0D96 /* ConsumerDataTest.swift */ = {isa = PBXFileReference; fileEncoding = 4; lastKnownFileType = sourcecode.swift; path = ConsumerDataTest.swift; sourceTree = "<group>"; };
		4C1FDC661E09CB07004C0D96 /* ChefDataTest.swift */ = {isa = PBXFileReference; fileEncoding = 4; lastKnownFileType = sourcecode.swift; path = ChefDataTest.swift; sourceTree = "<group>"; };
		4C1FDC6A1E09DA8D004C0D96 /* TypeHelper.swift */ = {isa = PBXFileReference; fileEncoding = 4; lastKnownFileType = sourcecode.swift; path = TypeHelper.swift; sourceTree = "<group>"; };
		4C2510B81DAA5BD2001112E5 /* Insertable.swift */ = {isa = PBXFileReference; fileEncoding = 4; lastKnownFileType = sourcecode.swift; path = Insertable.swift; sourceTree = "<group>"; };
		4C2510BA1DAA6A98001112E5 /* Deletable.swift */ = {isa = PBXFileReference; fileEncoding = 4; lastKnownFileType = sourcecode.swift; path = Deletable.swift; sourceTree = "<group>"; };
		4C27F0961D3D567600D64E13 /* PostTest.swift */ = {isa = PBXFileReference; fileEncoding = 4; lastKnownFileType = sourcecode.swift; path = PostTest.swift; sourceTree = "<group>"; };
		4C35D40F1DFA36B000CF5A8F /* ModelRecursible.swift */ = {isa = PBXFileReference; fileEncoding = 4; lastKnownFileType = sourcecode.swift; path = ModelRecursible.swift; sourceTree = "<group>"; };
		4C35D4111DFA38C600CF5A8F /* ModelNonRecursible.swift */ = {isa = PBXFileReference; fileEncoding = 4; lastKnownFileType = sourcecode.swift; path = ModelNonRecursible.swift; sourceTree = "<group>"; };
		4C385EBE1DFF9F8D0034C190 /* TestRequest.swift */ = {isa = PBXFileReference; fileEncoding = 4; lastKnownFileType = sourcecode.swift; path = TestRequest.swift; sourceTree = "<group>"; };
		4C385EC11DFF9FCC0034C190 /* TestResult.swift */ = {isa = PBXFileReference; fileEncoding = 4; lastKnownFileType = sourcecode.swift; path = TestResult.swift; sourceTree = "<group>"; };
		4C385EC31DFFA01A0034C190 /* TestAPIModel.swift */ = {isa = PBXFileReference; fileEncoding = 4; lastKnownFileType = sourcecode.swift; path = TestAPIModel.swift; sourceTree = "<group>"; };
		4C385EC61DFFA0D30034C190 /* TestTest.swift */ = {isa = PBXFileReference; fileEncoding = 4; lastKnownFileType = sourcecode.swift; path = TestTest.swift; sourceTree = "<group>"; };
		4C42CC951D90A422008B2FCA /* Fetchable.swift */ = {isa = PBXFileReference; fileEncoding = 4; lastKnownFileType = sourcecode.swift; path = Fetchable.swift; sourceTree = "<group>"; };
		4C4851581D20523000223B4F /* UserTest.swift */ = {isa = PBXFileReference; fileEncoding = 4; lastKnownFileType = sourcecode.swift; path = UserTest.swift; sourceTree = "<group>"; };
		4C48517A1D2080CE00223B4F /* UserLoginTest.swift */ = {isa = PBXFileReference; fileEncoding = 4; lastKnownFileType = sourcecode.swift; path = UserLoginTest.swift; sourceTree = "<group>"; };
		4C4E20781E0E0757000D462F /* PropertiesAccessible.swift */ = {isa = PBXFileReference; fileEncoding = 4; lastKnownFileType = sourcecode.swift; path = PropertiesAccessible.swift; sourceTree = "<group>"; };
		4C4E207A1E0E075E000D462F /* PropertiesEquatable.swift */ = {isa = PBXFileReference; fileEncoding = 4; lastKnownFileType = sourcecode.swift; path = PropertiesEquatable.swift; sourceTree = "<group>"; };
		4C586D651D8A2E0D008A1A7B /* DragonUITests.xctest */ = {isa = PBXFileReference; explicitFileType = wrapper.cfbundle; includeInIndex = 0; path = DragonUITests.xctest; sourceTree = BUILT_PRODUCTS_DIR; };
		4C586D671D8A2E0D008A1A7B /* DragonUITests.swift */ = {isa = PBXFileReference; lastKnownFileType = sourcecode.swift; path = DragonUITests.swift; sourceTree = "<group>"; };
		4C586D691D8A2E0D008A1A7B /* Info.plist */ = {isa = PBXFileReference; lastKnownFileType = text.plist.xml; path = Info.plist; sourceTree = "<group>"; };
		4C5DB67E1E2601A1002E7CD3 /* EditProfileBasicCell.swift */ = {isa = PBXFileReference; fileEncoding = 4; lastKnownFileType = sourcecode.swift; path = EditProfileBasicCell.swift; sourceTree = "<group>"; };
		4C5DB6801E2601AA002E7CD3 /* EditProfileBirthdayCell.swift */ = {isa = PBXFileReference; fileEncoding = 4; lastKnownFileType = sourcecode.swift; path = EditProfileBirthdayCell.swift; sourceTree = "<group>"; };
		4C5DB6821E2601BF002E7CD3 /* EditProfileBasicCell.xib */ = {isa = PBXFileReference; fileEncoding = 4; lastKnownFileType = file.xib; path = EditProfileBasicCell.xib; sourceTree = "<group>"; };
		4C5DB6841E2601C9002E7CD3 /* EditProfileBirthdayCell.xib */ = {isa = PBXFileReference; fileEncoding = 4; lastKnownFileType = file.xib; path = EditProfileBirthdayCell.xib; sourceTree = "<group>"; };
		4C5DB6861E2601D9002E7CD3 /* EditProfileGenderCell.xib */ = {isa = PBXFileReference; fileEncoding = 4; lastKnownFileType = file.xib; path = EditProfileGenderCell.xib; sourceTree = "<group>"; };
		4C5DB6881E2601E5002E7CD3 /* EditProfileGenderCell.swift */ = {isa = PBXFileReference; fileEncoding = 4; lastKnownFileType = sourcecode.swift; path = EditProfileGenderCell.swift; sourceTree = "<group>"; };
		4C5DB68A1E26026A002E7CD3 /* EditProfileTableViewController.swift */ = {isa = PBXFileReference; fileEncoding = 4; lastKnownFileType = sourcecode.swift; path = EditProfileTableViewController.swift; sourceTree = "<group>"; };
		4C5DB68D1E2604F1002E7CD3 /* EditProfilePhotoCell.xib */ = {isa = PBXFileReference; fileEncoding = 4; lastKnownFileType = file.xib; path = EditProfilePhotoCell.xib; sourceTree = "<group>"; };
		4C5DB68F1E2604FD002E7CD3 /* EditProfilePhotoCell.swift */ = {isa = PBXFileReference; fileEncoding = 4; lastKnownFileType = sourcecode.swift; path = EditProfilePhotoCell.swift; sourceTree = "<group>"; };
		4C5DB6931E260CBC002E7CD3 /* EditProfileCell.swift */ = {isa = PBXFileReference; fileEncoding = 4; lastKnownFileType = sourcecode.swift; path = EditProfileCell.swift; sourceTree = "<group>"; };
		4C60C4F81E0FB0D9008C8FFE /* EqualityTest.swift */ = {isa = PBXFileReference; fileEncoding = 4; lastKnownFileType = sourcecode.swift; path = EqualityTest.swift; sourceTree = "<group>"; };
		4C622FED1E3D4C8800CE2150 /* MainQueue.swift */ = {isa = PBXFileReference; fileEncoding = 4; lastKnownFileType = sourcecode.swift; path = MainQueue.swift; sourceTree = "<group>"; };
		4C622FEF1E3D4C9000CE2150 /* BackgroundQueue.swift */ = {isa = PBXFileReference; fileEncoding = 4; lastKnownFileType = sourcecode.swift; path = BackgroundQueue.swift; sourceTree = "<group>"; };
		4C622FF11E3D590300CE2150 /* Queueable.swift */ = {isa = PBXFileReference; fileEncoding = 4; lastKnownFileType = sourcecode.swift; path = Queueable.swift; sourceTree = "<group>"; };
		4C622FF31E3D5A0D00CE2150 /* Cacheable.swift */ = {isa = PBXFileReference; fileEncoding = 4; lastKnownFileType = sourcecode.swift; path = Cacheable.swift; sourceTree = "<group>"; };
		4C622FF61E3D650600CE2150 /* UIImageCacheTest.swift */ = {isa = PBXFileReference; fileEncoding = 4; lastKnownFileType = sourcecode.swift; path = UIImageCacheTest.swift; sourceTree = "<group>"; };
		4C6982641CD3D7A4005ABCF1 /* Dragon.app */ = {isa = PBXFileReference; explicitFileType = wrapper.application; includeInIndex = 0; path = Dragon.app; sourceTree = BUILT_PRODUCTS_DIR; };
		4C6982671CD3D7A4005ABCF1 /* AppDelegate.swift */ = {isa = PBXFileReference; lastKnownFileType = sourcecode.swift; lineEnding = 0; path = AppDelegate.swift; sourceTree = "<group>"; xcLanguageSpecificationIdentifier = xcode.lang.swift; };
		4C6982691CD3D7A4005ABCF1 /* LoginViewController.swift */ = {isa = PBXFileReference; lastKnownFileType = sourcecode.swift; path = LoginViewController.swift; sourceTree = "<group>"; };
		4C69826C1CD3D7A4005ABCF1 /* Base */ = {isa = PBXFileReference; lastKnownFileType = file.storyboard; name = Base; path = Base.lproj/Main.storyboard; sourceTree = "<group>"; };
		4C69826F1CD3D7A4005ABCF1 /* Dragon.xcdatamodel */ = {isa = PBXFileReference; lastKnownFileType = wrapper.xcdatamodel; path = Dragon.xcdatamodel; sourceTree = "<group>"; };
		4C6982711CD3D7A4005ABCF1 /* Assets.xcassets */ = {isa = PBXFileReference; lastKnownFileType = folder.assetcatalog; path = Assets.xcassets; sourceTree = "<group>"; };
		4C6982741CD3D7A4005ABCF1 /* Base */ = {isa = PBXFileReference; lastKnownFileType = file.storyboard; name = Base; path = Base.lproj/LaunchScreen.storyboard; sourceTree = "<group>"; };
		4C6982761CD3D7A4005ABCF1 /* Info.plist */ = {isa = PBXFileReference; lastKnownFileType = text.plist.xml; path = Info.plist; sourceTree = "<group>"; };
		4C69827B1CD3D7A4005ABCF1 /* DragonTests.xctest */ = {isa = PBXFileReference; explicitFileType = wrapper.cfbundle; includeInIndex = 0; path = DragonTests.xctest; sourceTree = BUILT_PRODUCTS_DIR; };
		4C69827F1CD3D7A4005ABCF1 /* DragonTest.swift */ = {isa = PBXFileReference; lastKnownFileType = sourcecode.swift; path = DragonTest.swift; sourceTree = "<group>"; };
		4C6982811CD3D7A4005ABCF1 /* Info.plist */ = {isa = PBXFileReference; lastKnownFileType = text.plist.xml; path = Info.plist; sourceTree = "<group>"; };
		4C69828C1CD3D847005ABCF1 /* APIRequest.swift */ = {isa = PBXFileReference; fileEncoding = 4; lastKnownFileType = sourcecode.swift; lineEnding = 0; path = APIRequest.swift; sourceTree = "<group>"; xcLanguageSpecificationIdentifier = xcode.lang.swift; };
		4C69828E1CD3D865005ABCF1 /* APIResult.swift */ = {isa = PBXFileReference; fileEncoding = 4; lastKnownFileType = sourcecode.swift; lineEnding = 0; path = APIResult.swift; sourceTree = "<group>"; xcLanguageSpecificationIdentifier = xcode.lang.swift; };
		4C6982901CD3DC07005ABCF1 /* APIHost.swift */ = {isa = PBXFileReference; fileEncoding = 4; lastKnownFileType = sourcecode.swift; path = APIHost.swift; sourceTree = "<group>"; };
		4C6982941CD40D26005ABCF1 /* UserRequest.swift */ = {isa = PBXFileReference; fileEncoding = 4; lastKnownFileType = sourcecode.swift; lineEnding = 0; path = UserRequest.swift; sourceTree = "<group>"; xcLanguageSpecificationIdentifier = xcode.lang.swift; };
		4C6982971CD41282005ABCF1 /* UserAPIModel.swift */ = {isa = PBXFileReference; fileEncoding = 4; lastKnownFileType = sourcecode.swift; path = UserAPIModel.swift; sourceTree = "<group>"; };
		4C6982A01CD4133F005ABCF1 /* UserGender.swift */ = {isa = PBXFileReference; fileEncoding = 4; lastKnownFileType = sourcecode.swift; path = UserGender.swift; sourceTree = "<group>"; };
		4C7A82BE1D3EAF8200638FBE /* ConsumerTest.swift */ = {isa = PBXFileReference; fileEncoding = 4; lastKnownFileType = sourcecode.swift; path = ConsumerTest.swift; sourceTree = "<group>"; };
		4C7A82C01D3EAFD800638FBE /* ConsumerRequest.swift */ = {isa = PBXFileReference; fileEncoding = 4; lastKnownFileType = sourcecode.swift; lineEnding = 0; path = ConsumerRequest.swift; sourceTree = "<group>"; xcLanguageSpecificationIdentifier = xcode.lang.swift; };
		4C7A82C21D3EB03200638FBE /* ConsumerResult.swift */ = {isa = PBXFileReference; fileEncoding = 4; lastKnownFileType = sourcecode.swift; lineEnding = 0; path = ConsumerResult.swift; sourceTree = "<group>"; xcLanguageSpecificationIdentifier = xcode.lang.swift; };
		4C7A82CA1D3EC2B700638FBE /* PostPageResult.swift */ = {isa = PBXFileReference; fileEncoding = 4; lastKnownFileType = sourcecode.swift; lineEnding = 0; path = PostPageResult.swift; sourceTree = "<group>"; xcLanguageSpecificationIdentifier = xcode.lang.swift; };
		4C7A82D31D3EC41D00638FBE /* PostPageTest.swift */ = {isa = PBXFileReference; fileEncoding = 4; lastKnownFileType = sourcecode.swift; path = PostPageTest.swift; sourceTree = "<group>"; };
		4C7A82D61D3EC9C200638FBE /* Date+.swift */ = {isa = PBXFileReference; fileEncoding = 4; lastKnownFileType = sourcecode.swift; path = "Date+.swift"; sourceTree = "<group>"; };
		4C7A82D81D3EC9F400638FBE /* String+.swift */ = {isa = PBXFileReference; fileEncoding = 4; lastKnownFileType = sourcecode.swift; path = "String+.swift"; sourceTree = "<group>"; };
		4C7BEC3C1E3C9348009F4B36 /* EditProfileCellType.swift */ = {isa = PBXFileReference; fileEncoding = 4; lastKnownFileType = sourcecode.swift; path = EditProfileCellType.swift; sourceTree = "<group>"; };
		4C880F481DFE419400A4DFB0 /* ChildrenIdentifiable.swift */ = {isa = PBXFileReference; fileEncoding = 4; lastKnownFileType = sourcecode.swift; path = ChildrenIdentifiable.swift; sourceTree = "<group>"; };
		4C94FAFB1DA033F400CFFBFC /* PostDataTest.swift */ = {isa = PBXFileReference; fileEncoding = 4; lastKnownFileType = sourcecode.swift; path = PostDataTest.swift; sourceTree = "<group>"; };
		4C9655531D0E0F0200011EAC /* UserLoginRequest.swift */ = {isa = PBXFileReference; fileEncoding = 4; lastKnownFileType = sourcecode.swift; lineEnding = 0; path = UserLoginRequest.swift; sourceTree = "<group>"; xcLanguageSpecificationIdentifier = xcode.lang.swift; };
		4C9655551D0E102F00011EAC /* UserLoginResult.swift */ = {isa = PBXFileReference; fileEncoding = 4; lastKnownFileType = sourcecode.swift; lineEnding = 0; path = UserLoginResult.swift; sourceTree = "<group>"; xcLanguageSpecificationIdentifier = xcode.lang.swift; };
		4C9655571D0E109400011EAC /* PostRequest.swift */ = {isa = PBXFileReference; fileEncoding = 4; lastKnownFileType = sourcecode.swift; lineEnding = 0; path = PostRequest.swift; sourceTree = "<group>"; xcLanguageSpecificationIdentifier = xcode.lang.swift; };
		4C9655591D0E11BE00011EAC /* PostResult.swift */ = {isa = PBXFileReference; fileEncoding = 4; lastKnownFileType = sourcecode.swift; lineEnding = 0; path = PostResult.swift; sourceTree = "<group>"; xcLanguageSpecificationIdentifier = xcode.lang.swift; };
		4C9655611D0E436600011EAC /* Enumerable.swift */ = {isa = PBXFileReference; fileEncoding = 4; lastKnownFileType = sourcecode.swift; path = Enumerable.swift; sourceTree = "<group>"; };
		4CA3C0551E467A1E00BDCF69 /* Loggable.swift */ = {isa = PBXFileReference; fileEncoding = 4; lastKnownFileType = sourcecode.swift; path = Loggable.swift; sourceTree = "<group>"; };
		4CA3C0571E46831800BDCF69 /* ClassValidatable.swift */ = {isa = PBXFileReference; fileEncoding = 4; lastKnownFileType = sourcecode.swift; path = ClassValidatable.swift; sourceTree = "<group>"; };
		4CAA3E591D80C16C0015FA43 /* Model.swift */ = {isa = PBXFileReference; fileEncoding = 4; lastKnownFileType = sourcecode.swift; path = Model.swift; sourceTree = "<group>"; };
		4CB67D231D8B42A400196579 /* PrettyPrintable.swift */ = {isa = PBXFileReference; fileEncoding = 4; lastKnownFileType = sourcecode.swift; path = PrettyPrintable.swift; sourceTree = "<group>"; };
		4CB7799A1DA183C300966D40 /* UserDataTest.swift */ = {isa = PBXFileReference; fileEncoding = 4; lastKnownFileType = sourcecode.swift; path = UserDataTest.swift; sourceTree = "<group>"; };
		4CC40DA81D516F8D00B5D4BE /* BlobRequest.swift */ = {isa = PBXFileReference; fileEncoding = 4; lastKnownFileType = sourcecode.swift; lineEnding = 0; path = BlobRequest.swift; sourceTree = "<group>"; xcLanguageSpecificationIdentifier = xcode.lang.swift; };
		4CC40DAB1D51708300B5D4BE /* BlobResult.swift */ = {isa = PBXFileReference; fileEncoding = 4; lastKnownFileType = sourcecode.swift; lineEnding = 0; path = BlobResult.swift; sourceTree = "<group>"; xcLanguageSpecificationIdentifier = xcode.lang.swift; };
		4CC40DAE1D5172D700B5D4BE /* BlobTest.swift */ = {isa = PBXFileReference; fileEncoding = 4; lastKnownFileType = sourcecode.swift; path = BlobTest.swift; sourceTree = "<group>"; };
		4CC40DB21D51819200B5D4BE /* UIImage+.swift */ = {isa = PBXFileReference; fileEncoding = 4; lastKnownFileType = sourcecode.swift; path = "UIImage+.swift"; sourceTree = "<group>"; };
		4CC40DB41D51838000B5D4BE /* Collection+.swift */ = {isa = PBXFileReference; fileEncoding = 4; lastKnownFileType = sourcecode.swift; path = "Collection+.swift"; sourceTree = "<group>"; };
		4CC60D971DB2CB87002A5EE0 /* UIActivityIndicatorView+.swift */ = {isa = PBXFileReference; fileEncoding = 4; lastKnownFileType = sourcecode.swift; path = "UIActivityIndicatorView+.swift"; sourceTree = "<group>"; };
		4CC674741D80E82C001BCA67 /* UserLogin.swift */ = {isa = PBXFileReference; fileEncoding = 4; lastKnownFileType = sourcecode.swift; path = UserLogin.swift; sourceTree = "<group>"; };
		4CC674761D80E855001BCA67 /* User.swift */ = {isa = PBXFileReference; fileEncoding = 4; lastKnownFileType = sourcecode.swift; path = User.swift; sourceTree = "<group>"; };
		4CC674781D80E8A5001BCA67 /* Album.swift */ = {isa = PBXFileReference; fileEncoding = 4; lastKnownFileType = sourcecode.swift; path = Album.swift; sourceTree = "<group>"; };
		4CC6747A1D80E8AD001BCA67 /* Blob.swift */ = {isa = PBXFileReference; fileEncoding = 4; lastKnownFileType = sourcecode.swift; path = Blob.swift; sourceTree = "<group>"; };
		4CC6747C1D80E8B2001BCA67 /* Chef.swift */ = {isa = PBXFileReference; fileEncoding = 4; lastKnownFileType = sourcecode.swift; path = Chef.swift; sourceTree = "<group>"; };
		4CC6747E1D80E8B8001BCA67 /* Consumer.swift */ = {isa = PBXFileReference; fileEncoding = 4; lastKnownFileType = sourcecode.swift; path = Consumer.swift; sourceTree = "<group>"; };
		4CC674801D80E8C5001BCA67 /* Location.swift */ = {isa = PBXFileReference; fileEncoding = 4; lastKnownFileType = sourcecode.swift; path = Location.swift; sourceTree = "<group>"; };
		4CC674821D80E8D3001BCA67 /* Order.swift */ = {isa = PBXFileReference; fileEncoding = 4; lastKnownFileType = sourcecode.swift; path = Order.swift; sourceTree = "<group>"; };
		4CC674841D80E8D9001BCA67 /* OrderSummary.swift */ = {isa = PBXFileReference; fileEncoding = 4; lastKnownFileType = sourcecode.swift; path = OrderSummary.swift; sourceTree = "<group>"; };
		4CC674861D80E8DF001BCA67 /* OrderTime.swift */ = {isa = PBXFileReference; fileEncoding = 4; lastKnownFileType = sourcecode.swift; path = OrderTime.swift; sourceTree = "<group>"; };
		4CC674881D80E8E5001BCA67 /* Post.swift */ = {isa = PBXFileReference; fileEncoding = 4; lastKnownFileType = sourcecode.swift; path = Post.swift; sourceTree = "<group>"; };
		4CC6748A1D80E8EF001BCA67 /* Review.swift */ = {isa = PBXFileReference; fileEncoding = 4; lastKnownFileType = sourcecode.swift; path = Review.swift; sourceTree = "<group>"; };
		4CC780C21DD27C5A00E93EB4 /* FieldNameConverter.swift */ = {isa = PBXFileReference; fileEncoding = 4; lastKnownFileType = sourcecode.swift; path = FieldNameConverter.swift; sourceTree = "<group>"; };
		4CC947441D4AE03F00426AA6 /* PostTableViewCell.swift */ = {isa = PBXFileReference; fileEncoding = 4; lastKnownFileType = sourcecode.swift; path = PostTableViewCell.swift; sourceTree = "<group>"; };
		4CCD0A551CD8EE080081A28B /* UserLoginAPIModel.swift */ = {isa = PBXFileReference; fileEncoding = 4; lastKnownFileType = sourcecode.swift; path = UserLoginAPIModel.swift; sourceTree = "<group>"; };
		4CCD0A571CD8EEFE0081A28B /* APIModel.swift */ = {isa = PBXFileReference; fileEncoding = 4; lastKnownFileType = sourcecode.swift; lineEnding = 0; path = APIModel.swift; sourceTree = "<group>"; xcLanguageSpecificationIdentifier = xcode.lang.swift; };
		4CCD0A591CD8F3280081A28B /* PostAPIModel.swift */ = {isa = PBXFileReference; fileEncoding = 4; lastKnownFileType = sourcecode.swift; path = PostAPIModel.swift; sourceTree = "<group>"; };
		4CCD0A5E1CD8F7120081A28B /* FieldNameHelper.swift */ = {isa = PBXFileReference; fileEncoding = 4; lastKnownFileType = sourcecode.swift; path = FieldNameHelper.swift; sourceTree = "<group>"; };
		4CCD0A601CD91BC80081A28B /* ReviewAPIModel.swift */ = {isa = PBXFileReference; fileEncoding = 4; lastKnownFileType = sourcecode.swift; path = ReviewAPIModel.swift; sourceTree = "<group>"; };
		4CCD0A621CD91DAA0081A28B /* OrderTimeAPIModel.swift */ = {isa = PBXFileReference; fileEncoding = 4; lastKnownFileType = sourcecode.swift; path = OrderTimeAPIModel.swift; sourceTree = "<group>"; };
		4CCD0A641CD91DE70081A28B /* OrderSummaryAPIModel.swift */ = {isa = PBXFileReference; fileEncoding = 4; lastKnownFileType = sourcecode.swift; path = OrderSummaryAPIModel.swift; sourceTree = "<group>"; };
		4CCD0A661CD91E170081A28B /* OrderAPIModel.swift */ = {isa = PBXFileReference; fileEncoding = 4; lastKnownFileType = sourcecode.swift; path = OrderAPIModel.swift; sourceTree = "<group>"; };
		4CCD0A681CD91E4F0081A28B /* LocationAPIModel.swift */ = {isa = PBXFileReference; fileEncoding = 4; lastKnownFileType = sourcecode.swift; path = LocationAPIModel.swift; sourceTree = "<group>"; };
		4CCD0A6A1CD91EAC0081A28B /* ConsumerAPIModel.swift */ = {isa = PBXFileReference; fileEncoding = 4; lastKnownFileType = sourcecode.swift; lineEnding = 0; path = ConsumerAPIModel.swift; sourceTree = "<group>"; xcLanguageSpecificationIdentifier = xcode.lang.swift; };
		4CCD0A6C1CD91F580081A28B /* ChefAPIModel.swift */ = {isa = PBXFileReference; fileEncoding = 4; lastKnownFileType = sourcecode.swift; path = ChefAPIModel.swift; sourceTree = "<group>"; };
		4CCD0A6E1CD91F7B0081A28B /* BlobAPIModel.swift */ = {isa = PBXFileReference; fileEncoding = 4; lastKnownFileType = sourcecode.swift; path = BlobAPIModel.swift; sourceTree = "<group>"; };
		4CCD0A701CD91FD50081A28B /* AlbumAPIModel.swift */ = {isa = PBXFileReference; fileEncoding = 4; lastKnownFileType = sourcecode.swift; path = AlbumAPIModel.swift; sourceTree = "<group>"; };
		4CCD0A721CD920090081A28B /* UserLoginAccessLevel.swift */ = {isa = PBXFileReference; fileEncoding = 4; lastKnownFileType = sourcecode.swift; path = UserLoginAccessLevel.swift; sourceTree = "<group>"; };
		4CCD0A771CD9347A0081A28B /* PostStatus.swift */ = {isa = PBXFileReference; fileEncoding = 4; lastKnownFileType = sourcecode.swift; path = PostStatus.swift; sourceTree = "<group>"; };
		4CCD0A7D1CD939AF0081A28B /* OrderType.swift */ = {isa = PBXFileReference; fileEncoding = 4; lastKnownFileType = sourcecode.swift; path = OrderType.swift; sourceTree = "<group>"; };
		4CCD0A7F1CD93A2C0081A28B /* OrderStatus.swift */ = {isa = PBXFileReference; fileEncoding = 4; lastKnownFileType = sourcecode.swift; path = OrderStatus.swift; sourceTree = "<group>"; };
		4CCD0A811CD93AEC0081A28B /* LocationType.swift */ = {isa = PBXFileReference; fileEncoding = 4; lastKnownFileType = sourcecode.swift; path = LocationType.swift; sourceTree = "<group>"; };
		4CCD0A831CD93B4F0081A28B /* LocationPurpose.swift */ = {isa = PBXFileReference; fileEncoding = 4; lastKnownFileType = sourcecode.swift; path = LocationPurpose.swift; sourceTree = "<group>"; };
		4CD48F431D5251C30009D6A2 /* ScreenHelper.swift */ = {isa = PBXFileReference; fileEncoding = 4; lastKnownFileType = sourcecode.swift; path = ScreenHelper.swift; sourceTree = "<group>"; };
		4CD48F451D5267900009D6A2 /* PostDetailTableViewController.swift */ = {isa = PBXFileReference; fileEncoding = 4; lastKnownFileType = sourcecode.swift; path = PostDetailTableViewController.swift; sourceTree = "<group>"; };
		4CD48F481D526E030009D6A2 /* PostDetailTitleCell.swift */ = {isa = PBXFileReference; fileEncoding = 4; lastKnownFileType = sourcecode.swift; path = PostDetailTitleCell.swift; sourceTree = "<group>"; };
		4CD48F4A1D527D650009D6A2 /* PostDetailSummaryCell.swift */ = {isa = PBXFileReference; fileEncoding = 4; lastKnownFileType = sourcecode.swift; path = PostDetailSummaryCell.swift; sourceTree = "<group>"; };
		4CDA11071D47F37B002C62FD /* UserModifyTest.swift */ = {isa = PBXFileReference; fileEncoding = 4; lastKnownFileType = sourcecode.swift; path = UserModifyTest.swift; sourceTree = "<group>"; };
		4CDA11091D47F3A5002C62FD /* UserModifyRequest.swift */ = {isa = PBXFileReference; fileEncoding = 4; lastKnownFileType = sourcecode.swift; lineEnding = 0; path = UserModifyRequest.swift; sourceTree = "<group>"; xcLanguageSpecificationIdentifier = xcode.lang.swift; };
		4CDA110F1D47FA15002C62FD /* UserModifyResult.swift */ = {isa = PBXFileReference; fileEncoding = 4; lastKnownFileType = sourcecode.swift; lineEnding = 0; path = UserModifyResult.swift; sourceTree = "<group>"; xcLanguageSpecificationIdentifier = xcode.lang.swift; };
		4CDA11131D4805A3002C62FD /* UserCreateTest.swift */ = {isa = PBXFileReference; fileEncoding = 4; lastKnownFileType = sourcecode.swift; path = UserCreateTest.swift; sourceTree = "<group>"; };
		4CDA11151D4805C1002C62FD /* UserCreateRequest.swift */ = {isa = PBXFileReference; fileEncoding = 4; lastKnownFileType = sourcecode.swift; lineEnding = 0; path = UserCreateRequest.swift; sourceTree = "<group>"; xcLanguageSpecificationIdentifier = xcode.lang.swift; };
		4CDA11171D4806A2002C62FD /* UserCreateResult.swift */ = {isa = PBXFileReference; fileEncoding = 4; lastKnownFileType = sourcecode.swift; lineEnding = 0; path = UserCreateResult.swift; sourceTree = "<group>"; xcLanguageSpecificationIdentifier = xcode.lang.swift; };
		4CDA111B1D4807EF002C62FD /* RandomStringAllow.swift */ = {isa = PBXFileReference; fileEncoding = 4; lastKnownFileType = sourcecode.swift; path = RandomStringAllow.swift; sourceTree = "<group>"; };
		4CE15B281E5B89F800CF6085 /* UITableViewController+.swift */ = {isa = PBXFileReference; fileEncoding = 4; lastKnownFileType = sourcecode.swift; path = "UITableViewController+.swift"; sourceTree = "<group>"; };
		4CE15B2B1E5B8CDB00CF6085 /* RefreshControllable.swift */ = {isa = PBXFileReference; fileEncoding = 4; lastKnownFileType = sourcecode.swift; path = RefreshControllable.swift; sourceTree = "<group>"; };
		4CE166DF1D3959DC003589D0 /* Log.swift */ = {isa = PBXFileReference; fileEncoding = 4; lastKnownFileType = sourcecode.swift; path = Log.swift; sourceTree = "<group>"; };
		4CE468131D3BEC53000B95DE /* PostPageRequest.swift */ = {isa = PBXFileReference; fileEncoding = 4; lastKnownFileType = sourcecode.swift; lineEnding = 0; path = PostPageRequest.swift; sourceTree = "<group>"; xcLanguageSpecificationIdentifier = xcode.lang.swift; };
		4CE632411CDAA2F60085F54C /* UserResult.swift */ = {isa = PBXFileReference; fileEncoding = 4; lastKnownFileType = sourcecode.swift; lineEnding = 0; path = UserResult.swift; sourceTree = "<group>"; xcLanguageSpecificationIdentifier = xcode.lang.swift; };
		4CF29B641DC17B920076F14F /* UIImageCache.swift */ = {isa = PBXFileReference; fileEncoding = 4; lastKnownFileType = sourcecode.swift; path = UIImageCache.swift; sourceTree = "<group>"; };
		4CF75D511DAC50C700E9EB39 /* Updatable.swift */ = {isa = PBXFileReference; fileEncoding = 4; lastKnownFileType = sourcecode.swift; path = Updatable.swift; sourceTree = "<group>"; };
		4CF75D541DAC515C00E9EB39 /* Manageable.swift */ = {isa = PBXFileReference; fileEncoding = 4; lastKnownFileType = sourcecode.swift; path = Manageable.swift; sourceTree = "<group>"; };
		4CFF11CF1D497E600062B33A /* UIViewController+.swift */ = {isa = PBXFileReference; fileEncoding = 4; lastKnownFileType = sourcecode.swift; path = "UIViewController+.swift"; sourceTree = "<group>"; };
		4CFF11D41D498CDD0062B33A /* HomeTableViewController.swift */ = {isa = PBXFileReference; fileEncoding = 4; lastKnownFileType = sourcecode.swift; path = HomeTableViewController.swift; sourceTree = "<group>"; };
/* End PBXFileReference section */

/* Begin PBXFrameworksBuildPhase section */
		4C586D621D8A2E0D008A1A7B /* Frameworks */ = {
			isa = PBXFrameworksBuildPhase;
			buildActionMask = 2147483647;
			files = (
			);
			runOnlyForDeploymentPostprocessing = 0;
		};
		4C6982611CD3D7A4005ABCF1 /* Frameworks */ = {
			isa = PBXFrameworksBuildPhase;
			buildActionMask = 2147483647;
			files = (
			);
			runOnlyForDeploymentPostprocessing = 0;
		};
		4C6982781CD3D7A4005ABCF1 /* Frameworks */ = {
			isa = PBXFrameworksBuildPhase;
			buildActionMask = 2147483647;
			files = (
			);
			runOnlyForDeploymentPostprocessing = 0;
		};
/* End PBXFrameworksBuildPhase section */

/* Begin PBXGroup section */
		4C066AA21E5BB6BD00B85D6F /* Keyboard Protocols */ = {
			isa = PBXGroup;
			children = (
				4C066AA01E5BB5F200B85D6F /* KeyboardObservable.swift */,
				4C066AA31E5BB6EA00B85D6F /* KeyboardScrollable.swift */,
			);
			name = "Keyboard Protocols";
			sourceTree = "<group>";
		};
		4C066AA51E5BBD1E00B85D6F /* Layout */ = {
			isa = PBXGroup;
			children = (
				4C066AA61E5BBD2B00B85D6F /* Constraint.swift */,
			);
			name = Layout;
			sourceTree = "<group>";
		};
		4C066AA81E5BBF6B00B85D6F /* Message */ = {
			isa = PBXGroup;
			children = (
				4C066AA91E5BBF9A00B85D6F /* Message.swift */,
				4C066AAB1E5BC3FD00B85D6F /* Messageable.swift */,
				4C0EE7AA1E5E0EE500BCE74B /* MessageableView.swift */,
			);
			name = Message;
			sourceTree = "<group>";
		};
		4C1DF2281D52BC7400C533CB /* ConsumerProfileCells */ = {
			isa = PBXGroup;
			children = (
				4C1DF2291D52BCCB00C533CB /* ConsumerProfileTitleCell.swift */,
			);
			name = ConsumerProfileCells;
			sourceTree = "<group>";
		};
		4C385EBD1DFF9F7C0034C190 /* Test */ = {
			isa = PBXGroup;
			children = (
				4C385EBE1DFF9F8D0034C190 /* TestRequest.swift */,
			);
			name = Test;
			sourceTree = "<group>";
		};
		4C385EC01DFF9FC30034C190 /* Test */ = {
			isa = PBXGroup;
			children = (
				4C385EC11DFF9FCC0034C190 /* TestResult.swift */,
			);
			name = Test;
			sourceTree = "<group>";
		};
		4C385EC51DFFA0940034C190 /* Test */ = {
			isa = PBXGroup;
			children = (
				4C385EC61DFFA0D30034C190 /* TestTest.swift */,
			);
			name = Test;
			sourceTree = "<group>";
		};
		4C4851561D2051FA00223B4F /* APITest */ = {
			isa = PBXGroup;
			children = (
				4CC40DAD1D5172D000B5D4BE /* Blob */,
				4C7A82CD1D3EC3AC00638FBE /* Consumer */,
				4C7A82CE1D3EC3B000638FBE /* Post */,
				4C385EC51DFFA0940034C190 /* Test */,
				4C7A82CF1D3EC3B400638FBE /* UserLogin */,
				4C7A82D01D3EC3B900638FBE /* User */,
			);
			name = APITest;
			sourceTree = "<group>";
		};
		4C4E20751E0E072D000D462F /* Reflection Protocols */ = {
			isa = PBXGroup;
			children = (
				4CB67D231D8B42A400196579 /* PrettyPrintable.swift */,
				4C4E20781E0E0757000D462F /* PropertiesAccessible.swift */,
				4C4E207A1E0E075E000D462F /* PropertiesEquatable.swift */,
			);
			name = "Reflection Protocols";
			sourceTree = "<group>";
		};
		4C586D661D8A2E0D008A1A7B /* DragonUITests */ = {
			isa = PBXGroup;
			children = (
				4C586D671D8A2E0D008A1A7B /* DragonUITests.swift */,
				4C586D691D8A2E0D008A1A7B /* Info.plist */,
			);
			path = DragonUITests;
			sourceTree = "<group>";
		};
		4C5B6AB91DFF40B400B0785B /* Cache */ = {
			isa = PBXGroup;
			children = (
				4C622FF31E3D5A0D00CE2150 /* Cacheable.swift */,
				4CF29B641DC17B920076F14F /* UIImageCache.swift */,
			);
			name = Cache;
			sourceTree = "<group>";
		};
		4C5B6ABA1DFF40DB00B0785B /* Subclasses */ = {
			isa = PBXGroup;
			children = (
				4CCD0A701CD91FD50081A28B /* AlbumAPIModel.swift */,
				4CCD0A6E1CD91F7B0081A28B /* BlobAPIModel.swift */,
				4CCD0A6C1CD91F580081A28B /* ChefAPIModel.swift */,
				4CCD0A6A1CD91EAC0081A28B /* ConsumerAPIModel.swift */,
				4CCD0A681CD91E4F0081A28B /* LocationAPIModel.swift */,
				4CCD0A661CD91E170081A28B /* OrderAPIModel.swift */,
				4CCD0A641CD91DE70081A28B /* OrderSummaryAPIModel.swift */,
				4CCD0A621CD91DAA0081A28B /* OrderTimeAPIModel.swift */,
				4CCD0A591CD8F3280081A28B /* PostAPIModel.swift */,
				4CCD0A601CD91BC80081A28B /* ReviewAPIModel.swift */,
				4C385EC31DFFA01A0034C190 /* TestAPIModel.swift */,
				4C6982971CD41282005ABCF1 /* UserAPIModel.swift */,
				4CCD0A551CD8EE080081A28B /* UserLoginAPIModel.swift */,
			);
			name = Subclasses;
			sourceTree = "<group>";
		};
		4C5B6ABB1DFF40EC00B0785B /* Model */ = {
			isa = PBXGroup;
			children = (
				4C5B6ABC1DFF40F400B0785B /* Subclasses */,
				4CAA3E591D80C16C0015FA43 /* Model.swift */,
			);
			name = Model;
			sourceTree = "<group>";
		};
		4C5B6ABC1DFF40F400B0785B /* Subclasses */ = {
			isa = PBXGroup;
			children = (
				4CC674781D80E8A5001BCA67 /* Album.swift */,
				4CC6747A1D80E8AD001BCA67 /* Blob.swift */,
				4CC6747C1D80E8B2001BCA67 /* Chef.swift */,
				4CC6747E1D80E8B8001BCA67 /* Consumer.swift */,
				4CC674801D80E8C5001BCA67 /* Location.swift */,
				4CC674821D80E8D3001BCA67 /* Order.swift */,
				4CC674841D80E8D9001BCA67 /* OrderSummary.swift */,
				4CC674861D80E8DF001BCA67 /* OrderTime.swift */,
				4CC674881D80E8E5001BCA67 /* Post.swift */,
				4CC6748A1D80E8EF001BCA67 /* Review.swift */,
				4CC674761D80E855001BCA67 /* User.swift */,
				4CC674741D80E82C001BCA67 /* UserLogin.swift */,
			);
			name = Subclasses;
			sourceTree = "<group>";
		};
		4C5B6ABD1DFF411500B0785B /* UI Subclasses */ = {
			isa = PBXGroup;
			children = (
				4CC60D971DB2CB87002A5EE0 /* UIActivityIndicatorView+.swift */,
				4CC40DB21D51819200B5D4BE /* UIImage+.swift */,
				4C06E03C1D4ACB8F005933A9 /* UIImageView+.swift */,
				4CE15B281E5B89F800CF6085 /* UITableViewController+.swift */,
				4CFF11CF1D497E600062B33A /* UIViewController+.swift */,
			);
			name = "UI Subclasses";
			sourceTree = "<group>";
		};
		4C5B6ABE1DFF41BC00B0785B /* Model Enums */ = {
			isa = PBXGroup;
			children = (
				4CCD0A831CD93B4F0081A28B /* LocationPurpose.swift */,
				4CCD0A811CD93AEC0081A28B /* LocationType.swift */,
				4CCD0A7F1CD93A2C0081A28B /* OrderStatus.swift */,
				4CCD0A7D1CD939AF0081A28B /* OrderType.swift */,
				4CCD0A771CD9347A0081A28B /* PostStatus.swift */,
				4C6982A01CD4133F005ABCF1 /* UserGender.swift */,
				4CCD0A721CD920090081A28B /* UserLoginAccessLevel.swift */,
			);
			name = "Model Enums";
			sourceTree = "<group>";
		};
		4C5DB6781E25FFEF002E7CD3 /* Post */ = {
			isa = PBXGroup;
			children = (
				4CD48F471D526DE00009D6A2 /* PostDetailCells */,
				4CC947481D4AE66900426AA6 /* PostTableViewCell */,
			);
			name = Post;
			sourceTree = "<group>";
		};
		4C5DB6791E25FFFD002E7CD3 /* Profile */ = {
			isa = PBXGroup;
			children = (
				4C1DF2281D52BC7400C533CB /* ConsumerProfileCells */,
				4C5DB67A1E260020002E7CD3 /* EditProfileCells */,
			);
			name = Profile;
			sourceTree = "<group>";
		};
		4C5DB67A1E260020002E7CD3 /* EditProfileCells */ = {
			isa = PBXGroup;
			children = (
				4C5DB67B1E260096002E7CD3 /* EditProfileBasicCell */,
				4C5DB67C1E2600A9002E7CD3 /* EditProfileBirthdayCell */,
				4C5DB67D1E2600D1002E7CD3 /* EditProfileGenderCell */,
				4C5DB68C1E2604D6002E7CD3 /* EditProfilePhotoCell */,
				4C5DB6931E260CBC002E7CD3 /* EditProfileCell.swift */,
				4C7BEC3C1E3C9348009F4B36 /* EditProfileCellType.swift */,
			);
			name = EditProfileCells;
			sourceTree = "<group>";
		};
		4C5DB67B1E260096002E7CD3 /* EditProfileBasicCell */ = {
			isa = PBXGroup;
			children = (
				4C5DB67E1E2601A1002E7CD3 /* EditProfileBasicCell.swift */,
				4C5DB6821E2601BF002E7CD3 /* EditProfileBasicCell.xib */,
			);
			name = EditProfileBasicCell;
			sourceTree = "<group>";
		};
		4C5DB67C1E2600A9002E7CD3 /* EditProfileBirthdayCell */ = {
			isa = PBXGroup;
			children = (
				4C5DB6801E2601AA002E7CD3 /* EditProfileBirthdayCell.swift */,
				4C5DB6841E2601C9002E7CD3 /* EditProfileBirthdayCell.xib */,
			);
			name = EditProfileBirthdayCell;
			sourceTree = "<group>";
		};
		4C5DB67D1E2600D1002E7CD3 /* EditProfileGenderCell */ = {
			isa = PBXGroup;
			children = (
				4C5DB6881E2601E5002E7CD3 /* EditProfileGenderCell.swift */,
				4C5DB6861E2601D9002E7CD3 /* EditProfileGenderCell.xib */,
			);
			name = EditProfileGenderCell;
			sourceTree = "<group>";
		};
		4C5DB68C1E2604D6002E7CD3 /* EditProfilePhotoCell */ = {
			isa = PBXGroup;
			children = (
				4C5DB68F1E2604FD002E7CD3 /* EditProfilePhotoCell.swift */,
				4C5DB68D1E2604F1002E7CD3 /* EditProfilePhotoCell.xib */,
			);
			name = EditProfilePhotoCell;
			sourceTree = "<group>";
		};
		4C60C4FA1E0FB0DF008C8FFE /* EqualityTest */ = {
			isa = PBXGroup;
			children = (
				4C60C4F81E0FB0D9008C8FFE /* EqualityTest.swift */,
			);
			name = EqualityTest;
			sourceTree = "<group>";
		};
		4C622FEC1E3D4C6F00CE2150 /* Queue */ = {
			isa = PBXGroup;
			children = (
				4C622FEF1E3D4C9000CE2150 /* BackgroundQueue.swift */,
				4C622FED1E3D4C8800CE2150 /* MainQueue.swift */,
				4C622FF11E3D590300CE2150 /* Queueable.swift */,
			);
			name = Queue;
			sourceTree = "<group>";
		};
		4C622FF51E3D64F900CE2150 /* CacheTest */ = {
			isa = PBXGroup;
			children = (
				4C622FF61E3D650600CE2150 /* UIImageCacheTest.swift */,
			);
			name = CacheTest;
			sourceTree = "<group>";
		};
		4C69825B1CD3D7A4005ABCF1 = {
			isa = PBXGroup;
			children = (
				4C6982661CD3D7A4005ABCF1 /* Dragon */,
				4C69827E1CD3D7A4005ABCF1 /* DragonTests */,
				4C586D661D8A2E0D008A1A7B /* DragonUITests */,
				4C6982651CD3D7A4005ABCF1 /* Products */,
			);
			sourceTree = "<group>";
		};
		4C6982651CD3D7A4005ABCF1 /* Products */ = {
			isa = PBXGroup;
			children = (
				4C6982641CD3D7A4005ABCF1 /* Dragon.app */,
				4C69827B1CD3D7A4005ABCF1 /* DragonTests.xctest */,
				4C586D651D8A2E0D008A1A7B /* DragonUITests.xctest */,
			);
			name = Products;
			sourceTree = "<group>";
		};
		4C6982661CD3D7A4005ABCF1 /* Dragon */ = {
			isa = PBXGroup;
			children = (
				4C69828A1CD3D7FC005ABCF1 /* API */,
				4C69829D1CD41309005ABCF1 /* Enums */,
				4C7A82D51D3EC9B400638FBE /* Extensions */,
				4CCD0A5D1CD8F6DD0081A28B /* Helpers */,
				4C6982991CD4128E005ABCF1 /* Models */,
				4CE166DE1D3959CC003589D0 /* Modules */,
				4CB67D221D8B428E00196579 /* Protocols */,
				4CC947421D4AE00600426AA6 /* UI */,
				4C6982671CD3D7A4005ABCF1 /* AppDelegate.swift */,
				4C69826B1CD3D7A4005ABCF1 /* Main.storyboard */,
				4C6982731CD3D7A4005ABCF1 /* LaunchScreen.storyboard */,
				4C6982761CD3D7A4005ABCF1 /* Info.plist */,
				4C69826E1CD3D7A4005ABCF1 /* Dragon.xcdatamodeld */,
				4C6982711CD3D7A4005ABCF1 /* Assets.xcassets */,
			);
			path = Dragon;
			sourceTree = "<group>";
		};
		4C69827E1CD3D7A4005ABCF1 /* DragonTests */ = {
			isa = PBXGroup;
			children = (
				4C4851561D2051FA00223B4F /* APITest */,
				4C622FF51E3D64F900CE2150 /* CacheTest */,
				4C94FAF91DA0339100CFFBFC /* CoreDataTest */,
				4C60C4FA1E0FB0DF008C8FFE /* EqualityTest */,
				4C69827F1CD3D7A4005ABCF1 /* DragonTest.swift */,
				4C6982811CD3D7A4005ABCF1 /* Info.plist */,
			);
			path = DragonTests;
			sourceTree = "<group>";
		};
		4C69828A1CD3D7FC005ABCF1 /* API */ = {
			isa = PBXGroup;
			children = (
				4C6982921CD40CD1005ABCF1 /* Requests */,
				4C6982931CD40CDF005ABCF1 /* Results */,
				4C69828C1CD3D847005ABCF1 /* APIRequest.swift */,
				4C69828E1CD3D865005ABCF1 /* APIResult.swift */,
			);
			name = API;
			sourceTree = "<group>";
		};
		4C69828B1CD3D802005ABCF1 /* Controllers */ = {
			isa = PBXGroup;
			children = (
				4C1DF2261D52BA9300C533CB /* ConsumerProfileTableViewController.swift */,
				4C5DB68A1E26026A002E7CD3 /* EditProfileTableViewController.swift */,
				4CFF11D41D498CDD0062B33A /* HomeTableViewController.swift */,
				4C6982691CD3D7A4005ABCF1 /* LoginViewController.swift */,
				4CD48F451D5267900009D6A2 /* PostDetailTableViewController.swift */,
			);
			name = Controllers;
			sourceTree = "<group>";
		};
		4C6982921CD40CD1005ABCF1 /* Requests */ = {
			isa = PBXGroup;
			children = (
				4CC40DA71D516F7B00B5D4BE /* Blob */,
				4C7A82C61D3EC22A00638FBE /* Consumer */,
				4C7A82C71D3EC22F00638FBE /* Post */,
				4C385EBD1DFF9F7C0034C190 /* Test */,
				4C7A82C81D3EC23B00638FBE /* User */,
				4C7A82C91D3EC23F00638FBE /* UserLogin */,
			);
			name = Requests;
			sourceTree = "<group>";
		};
		4C6982931CD40CDF005ABCF1 /* Results */ = {
			isa = PBXGroup;
			children = (
				4CC40DAA1D51707C00B5D4BE /* Blob */,
				4CDA110B1D47F9D2002C62FD /* Consumer */,
				4CDA110C1D47F9D5002C62FD /* Post */,
				4C385EC01DFF9FC30034C190 /* Test */,
				4CDA110D1D47F9D8002C62FD /* User */,
				4CDA110E1D47F9DA002C62FD /* UserLogin */,
			);
			name = Results;
			sourceTree = "<group>";
		};
		4C6982961CD4125D005ABCF1 /* APIModel */ = {
			isa = PBXGroup;
			children = (
				4C5B6ABA1DFF40DB00B0785B /* Subclasses */,
				4CCD0A571CD8EEFE0081A28B /* APIModel.swift */,
			);
			name = APIModel;
			sourceTree = "<group>";
		};
		4C6982991CD4128E005ABCF1 /* Models */ = {
			isa = PBXGroup;
			children = (
				4C6982961CD4125D005ABCF1 /* APIModel */,
				4C5B6ABB1DFF40EC00B0785B /* Model */,
			);
			name = Models;
			sourceTree = "<group>";
		};
		4C69829D1CD41309005ABCF1 /* Enums */ = {
			isa = PBXGroup;
			children = (
				4C5B6ABE1DFF41BC00B0785B /* Model Enums */,
				4C6982901CD3DC07005ABCF1 /* APIHost.swift */,
				4C9655611D0E436600011EAC /* Enumerable.swift */,
				4CDA111B1D4807EF002C62FD /* RandomStringAllow.swift */,
			);
			name = Enums;
			sourceTree = "<group>";
		};
		4C7A82C61D3EC22A00638FBE /* Consumer */ = {
			isa = PBXGroup;
			children = (
				4C7A82C01D3EAFD800638FBE /* ConsumerRequest.swift */,
			);
			name = Consumer;
			sourceTree = "<group>";
		};
		4C7A82C71D3EC22F00638FBE /* Post */ = {
			isa = PBXGroup;
			children = (
				4C9655571D0E109400011EAC /* PostRequest.swift */,
				4CE468131D3BEC53000B95DE /* PostPageRequest.swift */,
			);
			name = Post;
			sourceTree = "<group>";
		};
		4C7A82C81D3EC23B00638FBE /* User */ = {
			isa = PBXGroup;
			children = (
				4C6982941CD40D26005ABCF1 /* UserRequest.swift */,
				4CDA11151D4805C1002C62FD /* UserCreateRequest.swift */,
				4CDA11091D47F3A5002C62FD /* UserModifyRequest.swift */,
			);
			name = User;
			sourceTree = "<group>";
		};
		4C7A82C91D3EC23F00638FBE /* UserLogin */ = {
			isa = PBXGroup;
			children = (
				4C9655531D0E0F0200011EAC /* UserLoginRequest.swift */,
			);
			name = UserLogin;
			sourceTree = "<group>";
		};
		4C7A82CD1D3EC3AC00638FBE /* Consumer */ = {
			isa = PBXGroup;
			children = (
				4C7A82BE1D3EAF8200638FBE /* ConsumerTest.swift */,
			);
			name = Consumer;
			sourceTree = "<group>";
		};
		4C7A82CE1D3EC3B000638FBE /* Post */ = {
			isa = PBXGroup;
			children = (
				4C27F0961D3D567600D64E13 /* PostTest.swift */,
				4C7A82D31D3EC41D00638FBE /* PostPageTest.swift */,
			);
			name = Post;
			sourceTree = "<group>";
		};
		4C7A82CF1D3EC3B400638FBE /* UserLogin */ = {
			isa = PBXGroup;
			children = (
				4C48517A1D2080CE00223B4F /* UserLoginTest.swift */,
			);
			name = UserLogin;
			sourceTree = "<group>";
		};
		4C7A82D01D3EC3B900638FBE /* User */ = {
			isa = PBXGroup;
			children = (
				4C4851581D20523000223B4F /* UserTest.swift */,
				4CDA11131D4805A3002C62FD /* UserCreateTest.swift */,
				4CDA11071D47F37B002C62FD /* UserModifyTest.swift */,
			);
			name = User;
			sourceTree = "<group>";
		};
		4C7A82D51D3EC9B400638FBE /* Extensions */ = {
			isa = PBXGroup;
			children = (
				4C5B6ABD1DFF411500B0785B /* UI Subclasses */,
				4CC40DB41D51838000B5D4BE /* Collection+.swift */,
				4C7A82D61D3EC9C200638FBE /* Date+.swift */,
				4C7A82D81D3EC9F400638FBE /* String+.swift */,
			);
			name = Extensions;
			sourceTree = "<group>";
		};
		4C7BEC3E1E3C985B009F4B36 /* Static Protocols */ = {
			isa = PBXGroup;
			children = (
				4CC780C21DD27C5A00E93EB4 /* FieldNameConverter.swift */,
				4C1504261DD3DFFC00A952EF /* InstanceRetrievable.swift */,
			);
			name = "Static Protocols";
			sourceTree = "<group>";
		};
		4C94FAF91DA0339100CFFBFC /* CoreDataTest */ = {
			isa = PBXGroup;
			children = (
				4C1FDC661E09CB07004C0D96 /* ChefDataTest.swift */,
				4C1FDC641E09C7C0004C0D96 /* ConsumerDataTest.swift */,
				4C94FAFB1DA033F400CFFBFC /* PostDataTest.swift */,
				4CB7799A1DA183C300966D40 /* UserDataTest.swift */,
				4C147A6A1DADA759002CA992 /* UserLoginDataTest.swift */,
			);
			name = CoreDataTest;
			sourceTree = "<group>";
		};
		4CA3C0541E46798400BDCF69 /* Log */ = {
			isa = PBXGroup;
			children = (
				4CE166DF1D3959DC003589D0 /* Log.swift */,
				4CA3C0551E467A1E00BDCF69 /* Loggable.swift */,
			);
			name = Log;
			sourceTree = "<group>";
		};
		4CB66B741DFF2E36004464A2 /* Model Protocols */ = {
			isa = PBXGroup;
			children = (
				4C880F481DFE419400A4DFB0 /* ChildrenIdentifiable.swift */,
				4CA3C0571E46831800BDCF69 /* ClassValidatable.swift */,
				4C35D4111DFA38C600CF5A8F /* ModelNonRecursible.swift */,
				4C35D40F1DFA36B000CF5A8F /* ModelRecursible.swift */,
				4C1FDC621E09B557004C0D96 /* PersistentModelRecursible.swift */,
			);
			name = "Model Protocols";
			sourceTree = "<group>";
		};
		4CB67D221D8B428E00196579 /* Protocols */ = {
			isa = PBXGroup;
			children = (
				4CF75D531DAC50E900E9EB39 /* Database Protocols */,
				4CB66B741DFF2E36004464A2 /* Model Protocols */,
				4C4E20751E0E072D000D462F /* Reflection Protocols */,
				4C7BEC3E1E3C985B009F4B36 /* Static Protocols */,
				4CE15B2A1E5B8CC200CF6085 /* UI Protocols */,
			);
			name = Protocols;
			sourceTree = "<group>";
		};
		4CC40DA71D516F7B00B5D4BE /* Blob */ = {
			isa = PBXGroup;
			children = (
				4CC40DA81D516F8D00B5D4BE /* BlobRequest.swift */,
			);
			name = Blob;
			sourceTree = "<group>";
		};
		4CC40DAA1D51707C00B5D4BE /* Blob */ = {
			isa = PBXGroup;
			children = (
				4CC40DAB1D51708300B5D4BE /* BlobResult.swift */,
			);
			name = Blob;
			sourceTree = "<group>";
		};
		4CC40DAD1D5172D000B5D4BE /* Blob */ = {
			isa = PBXGroup;
			children = (
				4CC40DAE1D5172D700B5D4BE /* BlobTest.swift */,
			);
			name = Blob;
			sourceTree = "<group>";
		};
		4CC947421D4AE00600426AA6 /* UI */ = {
			isa = PBXGroup;
			children = (
				4C69828B1CD3D802005ABCF1 /* Controllers */,
				4CC947431D4AE01D00426AA6 /* Views */,
			);
			name = UI;
			sourceTree = "<group>";
		};
		4CC947431D4AE01D00426AA6 /* Views */ = {
			isa = PBXGroup;
			children = (
				4C5DB6781E25FFEF002E7CD3 /* Post */,
				4C5DB6791E25FFFD002E7CD3 /* Profile */,
			);
			name = Views;
			sourceTree = "<group>";
		};
		4CC947481D4AE66900426AA6 /* PostTableViewCell */ = {
			isa = PBXGroup;
			children = (
				4CC947441D4AE03F00426AA6 /* PostTableViewCell.swift */,
				4C0354CF1D5658AD00E7459D /* PostTableViewCell.xib */,
			);
			name = PostTableViewCell;
			sourceTree = "<group>";
		};
		4CCD0A5D1CD8F6DD0081A28B /* Helpers */ = {
			isa = PBXGroup;
			children = (
				4CCD0A5E1CD8F7120081A28B /* FieldNameHelper.swift */,
				4CD48F431D5251C30009D6A2 /* ScreenHelper.swift */,
				4C1FDC6A1E09DA8D004C0D96 /* TypeHelper.swift */,
			);
			name = Helpers;
			sourceTree = "<group>";
		};
		4CD48F471D526DE00009D6A2 /* PostDetailCells */ = {
			isa = PBXGroup;
			children = (
				4CD48F481D526E030009D6A2 /* PostDetailTitleCell.swift */,
				4CD48F4A1D527D650009D6A2 /* PostDetailSummaryCell.swift */,
			);
			name = PostDetailCells;
			sourceTree = "<group>";
		};
		4CDA110B1D47F9D2002C62FD /* Consumer */ = {
			isa = PBXGroup;
			children = (
				4C7A82C21D3EB03200638FBE /* ConsumerResult.swift */,
			);
			name = Consumer;
			sourceTree = "<group>";
		};
		4CDA110C1D47F9D5002C62FD /* Post */ = {
			isa = PBXGroup;
			children = (
				4C9655591D0E11BE00011EAC /* PostResult.swift */,
				4C7A82CA1D3EC2B700638FBE /* PostPageResult.swift */,
			);
			name = Post;
			sourceTree = "<group>";
		};
		4CDA110D1D47F9D8002C62FD /* User */ = {
			isa = PBXGroup;
			children = (
				4CE632411CDAA2F60085F54C /* UserResult.swift */,
				4CDA11171D4806A2002C62FD /* UserCreateResult.swift */,
				4CDA110F1D47FA15002C62FD /* UserModifyResult.swift */,
			);
			name = User;
			sourceTree = "<group>";
		};
		4CDA110E1D47F9DA002C62FD /* UserLogin */ = {
			isa = PBXGroup;
			children = (
				4C9655551D0E102F00011EAC /* UserLoginResult.swift */,
			);
			name = UserLogin;
			sourceTree = "<group>";
		};
		4CE15B2A1E5B8CC200CF6085 /* UI Protocols */ = {
			isa = PBXGroup;
			children = (
				4C066AA21E5BB6BD00B85D6F /* Keyboard Protocols */,
				4CE15B2B1E5B8CDB00CF6085 /* RefreshControllable.swift */,
			);
			name = "UI Protocols";
			sourceTree = "<group>";
		};
		4CE166DE1D3959CC003589D0 /* Modules */ = {
			isa = PBXGroup;
			children = (
				4C5B6AB91DFF40B400B0785B /* Cache */,
				4C066AA51E5BBD1E00B85D6F /* Layout */,
				4CA3C0541E46798400BDCF69 /* Log */,
				4C066AA81E5BBF6B00B85D6F /* Message */,
				4C622FEC1E3D4C6F00CE2150 /* Queue */,
			);
			name = Modules;
			sourceTree = "<group>";
		};
		4CF75D531DAC50E900E9EB39 /* Database Protocols */ = {
			isa = PBXGroup;
			children = (
				4CF75D541DAC515C00E9EB39 /* Manageable.swift */,
				4C2510BA1DAA6A98001112E5 /* Deletable.swift */,
				4C42CC951D90A422008B2FCA /* Fetchable.swift */,
				4C2510B81DAA5BD2001112E5 /* Insertable.swift */,
				4CF75D511DAC50C700E9EB39 /* Updatable.swift */,
			);
			name = "Database Protocols";
			sourceTree = "<group>";
		};
/* End PBXGroup section */

/* Begin PBXNativeTarget section */
		4C586D641D8A2E0D008A1A7B /* DragonUITests */ = {
			isa = PBXNativeTarget;
			buildConfigurationList = 4C586D6C1D8A2E0D008A1A7B /* Build configuration list for PBXNativeTarget "DragonUITests" */;
			buildPhases = (
				4C586D611D8A2E0D008A1A7B /* Sources */,
				4C586D621D8A2E0D008A1A7B /* Frameworks */,
				4C586D631D8A2E0D008A1A7B /* Resources */,
			);
			buildRules = (
			);
			dependencies = (
				4C586D6B1D8A2E0D008A1A7B /* PBXTargetDependency */,
			);
			name = DragonUITests;
			productName = DragonUITests;
			productReference = 4C586D651D8A2E0D008A1A7B /* DragonUITests.xctest */;
			productType = "com.apple.product-type.bundle.ui-testing";
		};
		4C6982631CD3D7A4005ABCF1 /* Dragon */ = {
			isa = PBXNativeTarget;
			buildConfigurationList = 4C6982841CD3D7A4005ABCF1 /* Build configuration list for PBXNativeTarget "Dragon" */;
			buildPhases = (
				4C6982601CD3D7A4005ABCF1 /* Sources */,
				4C6982611CD3D7A4005ABCF1 /* Frameworks */,
				4C6982621CD3D7A4005ABCF1 /* Resources */,
			);
			buildRules = (
			);
			dependencies = (
			);
			name = Dragon;
			productName = Dragon;
			productReference = 4C6982641CD3D7A4005ABCF1 /* Dragon.app */;
			productType = "com.apple.product-type.application";
		};
		4C69827A1CD3D7A4005ABCF1 /* DragonTests */ = {
			isa = PBXNativeTarget;
			buildConfigurationList = 4C6982871CD3D7A4005ABCF1 /* Build configuration list for PBXNativeTarget "DragonTests" */;
			buildPhases = (
				4C6982771CD3D7A4005ABCF1 /* Sources */,
				4C6982781CD3D7A4005ABCF1 /* Frameworks */,
				4C6982791CD3D7A4005ABCF1 /* Resources */,
			);
			buildRules = (
			);
			dependencies = (
				4C69827D1CD3D7A4005ABCF1 /* PBXTargetDependency */,
			);
			name = DragonTests;
			productName = DragonTests;
			productReference = 4C69827B1CD3D7A4005ABCF1 /* DragonTests.xctest */;
			productType = "com.apple.product-type.bundle.unit-test";
		};
/* End PBXNativeTarget section */

/* Begin PBXProject section */
		4C69825C1CD3D7A4005ABCF1 /* Project object */ = {
			isa = PBXProject;
			attributes = {
				LastSwiftUpdateCheck = 0800;
				LastUpgradeCheck = 0800;
				ORGANIZATIONNAME = MealSloth;
				TargetAttributes = {
					4C586D641D8A2E0D008A1A7B = {
						CreatedOnToolsVersion = 8.0;
						LastSwiftMigration = 0800;
						ProvisioningStyle = Automatic;
						TestTargetID = 4C6982631CD3D7A4005ABCF1;
					};
					4C6982631CD3D7A4005ABCF1 = {
						CreatedOnToolsVersion = 7.3;
						DevelopmentTeam = 757B2QE4SH;
						LastSwiftMigration = 0800;
					};
					4C69827A1CD3D7A4005ABCF1 = {
						CreatedOnToolsVersion = 7.3;
						LastSwiftMigration = 0800;
						TestTargetID = 4C6982631CD3D7A4005ABCF1;
					};
				};
			};
			buildConfigurationList = 4C69825F1CD3D7A4005ABCF1 /* Build configuration list for PBXProject "Dragon" */;
			compatibilityVersion = "Xcode 3.2";
			developmentRegion = English;
			hasScannedForEncodings = 0;
			knownRegions = (
				en,
				Base,
			);
			mainGroup = 4C69825B1CD3D7A4005ABCF1;
			productRefGroup = 4C6982651CD3D7A4005ABCF1 /* Products */;
			projectDirPath = "";
			projectRoot = "";
			targets = (
				4C6982631CD3D7A4005ABCF1 /* Dragon */,
				4C69827A1CD3D7A4005ABCF1 /* DragonTests */,
				4C586D641D8A2E0D008A1A7B /* DragonUITests */,
			);
		};
/* End PBXProject section */

/* Begin PBXResourcesBuildPhase section */
		4C586D631D8A2E0D008A1A7B /* Resources */ = {
			isa = PBXResourcesBuildPhase;
			buildActionMask = 2147483647;
			files = (
			);
			runOnlyForDeploymentPostprocessing = 0;
		};
		4C6982621CD3D7A4005ABCF1 /* Resources */ = {
			isa = PBXResourcesBuildPhase;
			buildActionMask = 2147483647;
			files = (
				4C06E03E1D4ACEB5005933A9 /* Main.storyboard in Resources */,
				4C6982751CD3D7A4005ABCF1 /* LaunchScreen.storyboard in Resources */,
				4C5DB68E1E2604F1002E7CD3 /* EditProfilePhotoCell.xib in Resources */,
				4C5DB6831E2601BF002E7CD3 /* EditProfileBasicCell.xib in Resources */,
				4C0354D01D5658AD00E7459D /* PostTableViewCell.xib in Resources */,
				4C5DB6871E2601D9002E7CD3 /* EditProfileGenderCell.xib in Resources */,
				4C5DB6851E2601C9002E7CD3 /* EditProfileBirthdayCell.xib in Resources */,
				4C6982721CD3D7A4005ABCF1 /* Assets.xcassets in Resources */,
			);
			runOnlyForDeploymentPostprocessing = 0;
		};
		4C6982791CD3D7A4005ABCF1 /* Resources */ = {
			isa = PBXResourcesBuildPhase;
			buildActionMask = 2147483647;
			files = (
			);
			runOnlyForDeploymentPostprocessing = 0;
		};
/* End PBXResourcesBuildPhase section */

/* Begin PBXSourcesBuildPhase section */
		4C586D611D8A2E0D008A1A7B /* Sources */ = {
			isa = PBXSourcesBuildPhase;
			buildActionMask = 2147483647;
			files = (
				4C586D681D8A2E0D008A1A7B /* DragonUITests.swift in Sources */,
			);
			runOnlyForDeploymentPostprocessing = 0;
		};
		4C6982601CD3D7A4005ABCF1 /* Sources */ = {
			isa = PBXSourcesBuildPhase;
			buildActionMask = 2147483647;
			files = (
				4C06E03D1D4ACB8F005933A9 /* UIImageView+.swift in Sources */,
				4C35D4101DFA36B000CF5A8F /* ModelRecursible.swift in Sources */,
				4CF75D521DAC50C700E9EB39 /* Updatable.swift in Sources */,
				4CCD0A691CD91E4F0081A28B /* LocationAPIModel.swift in Sources */,
				4C9655581D0E109400011EAC /* PostRequest.swift in Sources */,
				4CE166E21D398DFC003589D0 /* Log.swift in Sources */,
				4CC6747B1D80E8AD001BCA67 /* Blob.swift in Sources */,
				4C6982911CD3DC07005ABCF1 /* APIHost.swift in Sources */,
				4C69826A1CD3D7A4005ABCF1 /* LoginViewController.swift in Sources */,
				4C385EBF1DFF9F8E0034C190 /* TestRequest.swift in Sources */,
				4C69828F1CD3D865005ABCF1 /* APIResult.swift in Sources */,
				4C7BEC3D1E3C9348009F4B36 /* EditProfileCellType.swift in Sources */,
				4CE15B2C1E5B8CDB00CF6085 /* RefreshControllable.swift in Sources */,
				4C066AAA1E5BBF9A00B85D6F /* Message.swift in Sources */,
				4C2510BB1DAA6A98001112E5 /* Deletable.swift in Sources */,
				4CDA110A1D47F3A5002C62FD /* UserModifyRequest.swift in Sources */,
				4CC674891D80E8E5001BCA67 /* Post.swift in Sources */,
				4CCD0A7E1CD939AF0081A28B /* OrderType.swift in Sources */,
				4C6982681CD3D7A4005ABCF1 /* AppDelegate.swift in Sources */,
				4CCD0A651CD91DE70081A28B /* OrderSummaryAPIModel.swift in Sources */,
				4C1FDC631E09B557004C0D96 /* PersistentModelRecursible.swift in Sources */,
				4C9655561D0E102F00011EAC /* UserLoginResult.swift in Sources */,
				4CC674851D80E8D9001BCA67 /* OrderSummary.swift in Sources */,
				4C385EC21DFF9FCC0034C190 /* TestResult.swift in Sources */,
				4CC780C31DD27C5A00E93EB4 /* FieldNameConverter.swift in Sources */,
				4C7A82CB1D3EC2B700638FBE /* PostPageResult.swift in Sources */,
				4CC40DAC1D51708300B5D4BE /* BlobResult.swift in Sources */,
				4C066AAC1E5BC3FE00B85D6F /* Messageable.swift in Sources */,
				4CCD0A611CD91BC80081A28B /* ReviewAPIModel.swift in Sources */,
				4CCD0A731CD920090081A28B /* UserLoginAccessLevel.swift in Sources */,
				4CFF11D01D497E600062B33A /* UIViewController+.swift in Sources */,
				4C1DF22A1D52BCCB00C533CB /* ConsumerProfileTitleCell.swift in Sources */,
				4C69828D1CD3D847005ABCF1 /* APIRequest.swift in Sources */,
				4CD48F491D526E030009D6A2 /* PostDetailTitleCell.swift in Sources */,
				4CDA11101D47FA15002C62FD /* UserModifyResult.swift in Sources */,
				4CF29B651DC17B920076F14F /* UIImageCache.swift in Sources */,
				4C7A82D71D3EC9C200638FBE /* Date+.swift in Sources */,
				4C5DB68B1E26026A002E7CD3 /* EditProfileTableViewController.swift in Sources */,
				4CAA3E5A1D80C16C0015FA43 /* Model.swift in Sources */,
				4C1504271DD3DFFC00A952EF /* InstanceRetrievable.swift in Sources */,
				4CCD0A5F1CD8F7120081A28B /* FieldNameHelper.swift in Sources */,
				4C9655621D0E436600011EAC /* Enumerable.swift in Sources */,
				4C6982701CD3D7A4005ABCF1 /* Dragon.xcdatamodeld in Sources */,
				4CCD0A801CD93A2C0081A28B /* OrderStatus.swift in Sources */,
				4CCD0A671CD91E170081A28B /* OrderAPIModel.swift in Sources */,
				4CC6748B1D80E8EF001BCA67 /* Review.swift in Sources */,
				4C7A82C31D3EB03200638FBE /* ConsumerResult.swift in Sources */,
				4CCD0A631CD91DAA0081A28B /* OrderTimeAPIModel.swift in Sources */,
				4CC674771D80E855001BCA67 /* User.swift in Sources */,
				4CFF11D51D498CDD0062B33A /* HomeTableViewController.swift in Sources */,
				4CC40DB31D51819200B5D4BE /* UIImage+.swift in Sources */,
				4CD48F4B1D527D650009D6A2 /* PostDetailSummaryCell.swift in Sources */,
				4C4E20791E0E0757000D462F /* PropertiesAccessible.swift in Sources */,
				4C5DB67F1E2601A1002E7CD3 /* EditProfileBasicCell.swift in Sources */,
				4CF75D551DAC515C00E9EB39 /* Manageable.swift in Sources */,
				4CCD0A561CD8EE080081A28B /* UserLoginAPIModel.swift in Sources */,
				4C5DB6901E2604FD002E7CD3 /* EditProfilePhotoCell.swift in Sources */,
				4CDA111C1D4807EF002C62FD /* RandomStringAllow.swift in Sources */,
				4CCD0A821CD93AEC0081A28B /* LocationType.swift in Sources */,
				4CCD0A6F1CD91F7B0081A28B /* BlobAPIModel.swift in Sources */,
				4CDA11181D4806A2002C62FD /* UserCreateResult.swift in Sources */,
				4C6982951CD40D26005ABCF1 /* UserRequest.swift in Sources */,
				4C622FEE1E3D4C8800CE2150 /* MainQueue.swift in Sources */,
				4CC60D981DB2CB87002A5EE0 /* UIActivityIndicatorView+.swift in Sources */,
				4C2510B91DAA5BD3001112E5 /* Insertable.swift in Sources */,
				4C066AA71E5BBD2B00B85D6F /* Constraint.swift in Sources */,
				4CCD0A6D1CD91F580081A28B /* ChefAPIModel.swift in Sources */,
				4C42CC961D90A422008B2FCA /* Fetchable.swift in Sources */,
				4CC6747F1D80E8B8001BCA67 /* Consumer.swift in Sources */,
				4CC40DA91D516F8D00B5D4BE /* BlobRequest.swift in Sources */,
				4CCD0A581CD8EEFE0081A28B /* APIModel.swift in Sources */,
				4CC674791D80E8A5001BCA67 /* Album.swift in Sources */,
				4C0EE7AB1E5E0EE500BCE74B /* MessageableView.swift in Sources */,
				4CCD0A841CD93B4F0081A28B /* LocationPurpose.swift in Sources */,
				4CC674751D80E82C001BCA67 /* UserLogin.swift in Sources */,
				4CE632421CDAA2F60085F54C /* UserResult.swift in Sources */,
				4CDA11161D4805C1002C62FD /* UserCreateRequest.swift in Sources */,
				4CC947451D4AE03F00426AA6 /* PostTableViewCell.swift in Sources */,
				4C385EC41DFFA01A0034C190 /* TestAPIModel.swift in Sources */,
				4CCD0A6B1CD91EAC0081A28B /* ConsumerAPIModel.swift in Sources */,
				4C5DB6941E260CBC002E7CD3 /* EditProfileCell.swift in Sources */,
				4CCD0A5A1CD8F3280081A28B /* PostAPIModel.swift in Sources */,
				4CCD0A781CD9347A0081A28B /* PostStatus.swift in Sources */,
				4CCD0A711CD91FD50081A28B /* AlbumAPIModel.swift in Sources */,
				4CD48F441D5251C30009D6A2 /* ScreenHelper.swift in Sources */,
				4CC40DB51D51838000B5D4BE /* Collection+.swift in Sources */,
				4CC674811D80E8C5001BCA67 /* Location.swift in Sources */,
				4CE15B291E5B89F800CF6085 /* UITableViewController+.swift in Sources */,
				4CD48F461D5267900009D6A2 /* PostDetailTableViewController.swift in Sources */,
				4C5DB6891E2601E5002E7CD3 /* EditProfileGenderCell.swift in Sources */,
				4C622FF21E3D590300CE2150 /* Queueable.swift in Sources */,
				4CC674871D80E8DF001BCA67 /* OrderTime.swift in Sources */,
				4C96555A1D0E11BE00011EAC /* PostResult.swift in Sources */,
				4C066AA41E5BB6EA00B85D6F /* KeyboardScrollable.swift in Sources */,
				4C7A82D91D3EC9F400638FBE /* String+.swift in Sources */,
				4C622FF41E3D5A0D00CE2150 /* Cacheable.swift in Sources */,
				4C7A82C11D3EAFD800638FBE /* ConsumerRequest.swift in Sources */,
				4C1DF2271D52BA9300C533CB /* ConsumerProfileTableViewController.swift in Sources */,
				4C4E207B1E0E075E000D462F /* PropertiesEquatable.swift in Sources */,
				4CB67D241D8B42A500196579 /* PrettyPrintable.swift in Sources */,
				4C5DB6811E2601AA002E7CD3 /* EditProfileBirthdayCell.swift in Sources */,
				4CC674831D80E8D3001BCA67 /* Order.swift in Sources */,
				4C066AA11E5BB5F200B85D6F /* KeyboardObservable.swift in Sources */,
				4C880F491DFE419400A4DFB0 /* ChildrenIdentifiable.swift in Sources */,
				4CC6747D1D80E8B2001BCA67 /* Chef.swift in Sources */,
				4C6982981CD41282005ABCF1 /* UserAPIModel.swift in Sources */,
				4C6982A11CD4133F005ABCF1 /* UserGender.swift in Sources */,
				4CA3C0561E467A1E00BDCF69 /* Loggable.swift in Sources */,
				4C9655541D0E0F0200011EAC /* UserLoginRequest.swift in Sources */,
				4CA3C0581E46831800BDCF69 /* ClassValidatable.swift in Sources */,
				4C622FF01E3D4C9000CE2150 /* BackgroundQueue.swift in Sources */,
				4C35D4121DFA38C600CF5A8F /* ModelNonRecursible.swift in Sources */,
				4CE468141D3BEC53000B95DE /* PostPageRequest.swift in Sources */,
				4C1FDC6B1E09DA8D004C0D96 /* TypeHelper.swift in Sources */,
			);
			runOnlyForDeploymentPostprocessing = 0;
		};
		4C6982771CD3D7A4005ABCF1 /* Sources */ = {
			isa = PBXSourcesBuildPhase;
			buildActionMask = 2147483647;
			files = (
				4C7A82BF1D3EAF8200638FBE /* ConsumerTest.swift in Sources */,
				4C385EC71DFFA0D30034C190 /* TestTest.swift in Sources */,
				4C7A82D41D3EC41D00638FBE /* PostPageTest.swift in Sources */,
				4C4851591D20523000223B4F /* UserTest.swift in Sources */,
				4C6982801CD3D7A4005ABCF1 /* DragonTest.swift in Sources */,
				4CC40DAF1D5172D700B5D4BE /* BlobTest.swift in Sources */,
				4C94FAFC1DA033F400CFFBFC /* PostDataTest.swift in Sources */,
				4CB7799B1DA183C300966D40 /* UserDataTest.swift in Sources */,
				4C27F0971D3D567600D64E13 /* PostTest.swift in Sources */,
				4CF12FDE1D80F82800E284CF /* Dragon.xcdatamodeld in Sources */,
				4C622FF71E3D650600CE2150 /* UIImageCacheTest.swift in Sources */,
				4CDA11141D4805A3002C62FD /* UserCreateTest.swift in Sources */,
				4C1FDC651E09C7C0004C0D96 /* ConsumerDataTest.swift in Sources */,
				4CDA11081D47F37B002C62FD /* UserModifyTest.swift in Sources */,
				4C1FDC671E09CB07004C0D96 /* ChefDataTest.swift in Sources */,
				4C48517B1D2080CE00223B4F /* UserLoginTest.swift in Sources */,
				4C147A6B1DADA759002CA992 /* UserLoginDataTest.swift in Sources */,
				4C60C4F91E0FB0D9008C8FFE /* EqualityTest.swift in Sources */,
			);
			runOnlyForDeploymentPostprocessing = 0;
		};
/* End PBXSourcesBuildPhase section */

/* Begin PBXTargetDependency section */
		4C586D6B1D8A2E0D008A1A7B /* PBXTargetDependency */ = {
			isa = PBXTargetDependency;
			target = 4C6982631CD3D7A4005ABCF1 /* Dragon */;
			targetProxy = 4C586D6A1D8A2E0D008A1A7B /* PBXContainerItemProxy */;
		};
		4C69827D1CD3D7A4005ABCF1 /* PBXTargetDependency */ = {
			isa = PBXTargetDependency;
			target = 4C6982631CD3D7A4005ABCF1 /* Dragon */;
			targetProxy = 4C69827C1CD3D7A4005ABCF1 /* PBXContainerItemProxy */;
		};
/* End PBXTargetDependency section */

/* Begin PBXVariantGroup section */
		4C69826B1CD3D7A4005ABCF1 /* Main.storyboard */ = {
			isa = PBXVariantGroup;
			children = (
				4C69826C1CD3D7A4005ABCF1 /* Base */,
			);
			name = Main.storyboard;
			sourceTree = "<group>";
		};
		4C6982731CD3D7A4005ABCF1 /* LaunchScreen.storyboard */ = {
			isa = PBXVariantGroup;
			children = (
				4C6982741CD3D7A4005ABCF1 /* Base */,
			);
			name = LaunchScreen.storyboard;
			sourceTree = "<group>";
		};
/* End PBXVariantGroup section */

/* Begin XCBuildConfiguration section */
		4C586D6D1D8A2E0D008A1A7B /* Debug */ = {
			isa = XCBuildConfiguration;
			buildSettings = {
				CLANG_WARN_DOCUMENTATION_COMMENTS = YES;
				CLANG_WARN_SUSPICIOUS_MOVES = YES;
				INFOPLIST_FILE = DragonUITests/Info.plist;
				IPHONEOS_DEPLOYMENT_TARGET = 10.0;
				LD_RUNPATH_SEARCH_PATHS = "$(inherited) @executable_path/Frameworks @loader_path/Frameworks";
				PRODUCT_BUNDLE_IDENTIFIER = com.mealsloth.DragonUITests;
				PRODUCT_NAME = "$(TARGET_NAME)";
				SWIFT_ACTIVE_COMPILATION_CONDITIONS = DEBUG;
				SWIFT_VERSION = 3.0;
				TEST_TARGET_NAME = Dragon;
			};
			name = Debug;
		};
		4C586D6E1D8A2E0D008A1A7B /* Release */ = {
			isa = XCBuildConfiguration;
			buildSettings = {
				CLANG_WARN_DOCUMENTATION_COMMENTS = YES;
				CLANG_WARN_SUSPICIOUS_MOVES = YES;
				INFOPLIST_FILE = DragonUITests/Info.plist;
				IPHONEOS_DEPLOYMENT_TARGET = 10.0;
				LD_RUNPATH_SEARCH_PATHS = "$(inherited) @executable_path/Frameworks @loader_path/Frameworks";
				PRODUCT_BUNDLE_IDENTIFIER = com.mealsloth.DragonUITests;
				PRODUCT_NAME = "$(TARGET_NAME)";
				SWIFT_VERSION = 3.0;
				TEST_TARGET_NAME = Dragon;
			};
			name = Release;
		};
		4C6982821CD3D7A4005ABCF1 /* Debug */ = {
			isa = XCBuildConfiguration;
			buildSettings = {
				ALWAYS_SEARCH_USER_PATHS = NO;
				CLANG_ANALYZER_NONNULL = YES;
				CLANG_CXX_LANGUAGE_STANDARD = "gnu++0x";
				CLANG_CXX_LIBRARY = "libc++";
				CLANG_ENABLE_MODULES = YES;
				CLANG_ENABLE_OBJC_ARC = YES;
				CLANG_WARN_BOOL_CONVERSION = YES;
				CLANG_WARN_CONSTANT_CONVERSION = YES;
				CLANG_WARN_DIRECT_OBJC_ISA_USAGE = YES_ERROR;
				CLANG_WARN_EMPTY_BODY = YES;
				CLANG_WARN_ENUM_CONVERSION = YES;
				CLANG_WARN_INFINITE_RECURSION = YES;
				CLANG_WARN_INT_CONVERSION = YES;
				CLANG_WARN_OBJC_ROOT_CLASS = YES_ERROR;
				CLANG_WARN_SUSPICIOUS_MOVE = YES;
				CLANG_WARN_UNREACHABLE_CODE = YES;
				CLANG_WARN__DUPLICATE_METHOD_MATCH = YES;
				"CODE_SIGN_IDENTITY[sdk=iphoneos*]" = "iPhone Developer";
				COPY_PHASE_STRIP = NO;
				DEBUG_INFORMATION_FORMAT = dwarf;
				ENABLE_STRICT_OBJC_MSGSEND = YES;
				ENABLE_TESTABILITY = YES;
				GCC_C_LANGUAGE_STANDARD = gnu99;
				GCC_DYNAMIC_NO_PIC = NO;
				GCC_NO_COMMON_BLOCKS = YES;
				GCC_OPTIMIZATION_LEVEL = 0;
				GCC_PREPROCESSOR_DEFINITIONS = (
					"DEBUG=1",
					"$(inherited)",
				);
				GCC_WARN_64_TO_32_BIT_CONVERSION = YES;
				GCC_WARN_ABOUT_RETURN_TYPE = YES_ERROR;
				GCC_WARN_UNDECLARED_SELECTOR = YES;
				GCC_WARN_UNINITIALIZED_AUTOS = YES_AGGRESSIVE;
				GCC_WARN_UNUSED_FUNCTION = YES;
				GCC_WARN_UNUSED_VARIABLE = YES;
				IPHONEOS_DEPLOYMENT_TARGET = 10.0;
				MTL_ENABLE_DEBUG_INFO = YES;
				ONLY_ACTIVE_ARCH = YES;
				SDKROOT = iphoneos;
				SWIFT_OPTIMIZATION_LEVEL = "-Onone";
				TARGETED_DEVICE_FAMILY = "1,2";
			};
			name = Debug;
		};
		4C6982831CD3D7A4005ABCF1 /* Release */ = {
			isa = XCBuildConfiguration;
			buildSettings = {
				ALWAYS_SEARCH_USER_PATHS = NO;
				CLANG_ANALYZER_NONNULL = YES;
				CLANG_CXX_LANGUAGE_STANDARD = "gnu++0x";
				CLANG_CXX_LIBRARY = "libc++";
				CLANG_ENABLE_MODULES = YES;
				CLANG_ENABLE_OBJC_ARC = YES;
				CLANG_WARN_BOOL_CONVERSION = YES;
				CLANG_WARN_CONSTANT_CONVERSION = YES;
				CLANG_WARN_DIRECT_OBJC_ISA_USAGE = YES_ERROR;
				CLANG_WARN_EMPTY_BODY = YES;
				CLANG_WARN_ENUM_CONVERSION = YES;
				CLANG_WARN_INFINITE_RECURSION = YES;
				CLANG_WARN_INT_CONVERSION = YES;
				CLANG_WARN_OBJC_ROOT_CLASS = YES_ERROR;
				CLANG_WARN_SUSPICIOUS_MOVE = YES;
				CLANG_WARN_UNREACHABLE_CODE = YES;
				CLANG_WARN__DUPLICATE_METHOD_MATCH = YES;
				"CODE_SIGN_IDENTITY[sdk=iphoneos*]" = "iPhone Developer";
				COPY_PHASE_STRIP = NO;
				DEBUG_INFORMATION_FORMAT = "dwarf-with-dsym";
				ENABLE_NS_ASSERTIONS = NO;
				ENABLE_STRICT_OBJC_MSGSEND = YES;
				GCC_C_LANGUAGE_STANDARD = gnu99;
				GCC_NO_COMMON_BLOCKS = YES;
				GCC_WARN_64_TO_32_BIT_CONVERSION = YES;
				GCC_WARN_ABOUT_RETURN_TYPE = YES_ERROR;
				GCC_WARN_UNDECLARED_SELECTOR = YES;
				GCC_WARN_UNINITIALIZED_AUTOS = YES_AGGRESSIVE;
				GCC_WARN_UNUSED_FUNCTION = YES;
				GCC_WARN_UNUSED_VARIABLE = YES;
				IPHONEOS_DEPLOYMENT_TARGET = 10.0;
				MTL_ENABLE_DEBUG_INFO = NO;
				SDKROOT = iphoneos;
				SWIFT_OPTIMIZATION_LEVEL = "-Owholemodule";
				TARGETED_DEVICE_FAMILY = "1,2";
				VALIDATE_PRODUCT = YES;
			};
			name = Release;
		};
		4C6982851CD3D7A4005ABCF1 /* Debug */ = {
			isa = XCBuildConfiguration;
			buildSettings = {
				ASSETCATALOG_COMPILER_APPICON_NAME = AppIcon;
				CODE_SIGN_IDENTITY = "iPhone Developer";
				"CODE_SIGN_IDENTITY[sdk=iphoneos*]" = "iPhone Developer";
				DEVELOPMENT_TEAM = 757B2QE4SH;
				INFOPLIST_FILE = Dragon/Info.plist;
				LD_RUNPATH_SEARCH_PATHS = "$(inherited) @executable_path/Frameworks";
				PRODUCT_BUNDLE_IDENTIFIER = com.mealsloth.application.Dragon;
				PRODUCT_NAME = "$(TARGET_NAME)";
				PROVISIONING_PROFILE = "";
				SWIFT_VERSION = 3.0;
			};
			name = Debug;
		};
		4C6982861CD3D7A4005ABCF1 /* Release */ = {
			isa = XCBuildConfiguration;
			buildSettings = {
				ASSETCATALOG_COMPILER_APPICON_NAME = AppIcon;
				CODE_SIGN_IDENTITY = "iPhone Developer";
				"CODE_SIGN_IDENTITY[sdk=iphoneos*]" = "iPhone Developer";
				DEVELOPMENT_TEAM = 757B2QE4SH;
				INFOPLIST_FILE = Dragon/Info.plist;
				LD_RUNPATH_SEARCH_PATHS = "$(inherited) @executable_path/Frameworks";
				PRODUCT_BUNDLE_IDENTIFIER = com.mealsloth.application.Dragon;
				PRODUCT_NAME = "$(TARGET_NAME)";
				PROVISIONING_PROFILE = "";
				SWIFT_VERSION = 3.0;
			};
			name = Release;
		};
		4C6982881CD3D7A4005ABCF1 /* Debug */ = {
			isa = XCBuildConfiguration;
			buildSettings = {
				BUNDLE_LOADER = "$(TEST_HOST)";
				INFOPLIST_FILE = DragonTests/Info.plist;
				LD_RUNPATH_SEARCH_PATHS = "$(inherited) @executable_path/Frameworks @loader_path/Frameworks";
				PRODUCT_BUNDLE_IDENTIFIER = mealsloth.DragonTests;
				PRODUCT_NAME = "$(TARGET_NAME)";
				SWIFT_VERSION = 3.0;
				TEST_HOST = "$(BUILT_PRODUCTS_DIR)/Dragon.app/Dragon";
			};
			name = Debug;
		};
		4C6982891CD3D7A4005ABCF1 /* Release */ = {
			isa = XCBuildConfiguration;
			buildSettings = {
				BUNDLE_LOADER = "$(TEST_HOST)";
				INFOPLIST_FILE = DragonTests/Info.plist;
				LD_RUNPATH_SEARCH_PATHS = "$(inherited) @executable_path/Frameworks @loader_path/Frameworks";
				PRODUCT_BUNDLE_IDENTIFIER = mealsloth.DragonTests;
				PRODUCT_NAME = "$(TARGET_NAME)";
				SWIFT_VERSION = 3.0;
				TEST_HOST = "$(BUILT_PRODUCTS_DIR)/Dragon.app/Dragon";
			};
			name = Release;
		};
/* End XCBuildConfiguration section */

/* Begin XCConfigurationList section */
		4C586D6C1D8A2E0D008A1A7B /* Build configuration list for PBXNativeTarget "DragonUITests" */ = {
			isa = XCConfigurationList;
			buildConfigurations = (
				4C586D6D1D8A2E0D008A1A7B /* Debug */,
				4C586D6E1D8A2E0D008A1A7B /* Release */,
			);
			defaultConfigurationIsVisible = 0;
			defaultConfigurationName = Release;
		};
		4C69825F1CD3D7A4005ABCF1 /* Build configuration list for PBXProject "Dragon" */ = {
			isa = XCConfigurationList;
			buildConfigurations = (
				4C6982821CD3D7A4005ABCF1 /* Debug */,
				4C6982831CD3D7A4005ABCF1 /* Release */,
			);
			defaultConfigurationIsVisible = 0;
			defaultConfigurationName = Release;
		};
		4C6982841CD3D7A4005ABCF1 /* Build configuration list for PBXNativeTarget "Dragon" */ = {
			isa = XCConfigurationList;
			buildConfigurations = (
				4C6982851CD3D7A4005ABCF1 /* Debug */,
				4C6982861CD3D7A4005ABCF1 /* Release */,
			);
			defaultConfigurationIsVisible = 0;
			defaultConfigurationName = Release;
		};
		4C6982871CD3D7A4005ABCF1 /* Build configuration list for PBXNativeTarget "DragonTests" */ = {
			isa = XCConfigurationList;
			buildConfigurations = (
				4C6982881CD3D7A4005ABCF1 /* Debug */,
				4C6982891CD3D7A4005ABCF1 /* Release */,
			);
			defaultConfigurationIsVisible = 0;
			defaultConfigurationName = Release;
		};
/* End XCConfigurationList section */

/* Begin XCVersionGroup section */
		4C69826E1CD3D7A4005ABCF1 /* Dragon.xcdatamodeld */ = {
			isa = XCVersionGroup;
			children = (
				4C69826F1CD3D7A4005ABCF1 /* Dragon.xcdatamodel */,
			);
			currentVersion = 4C69826F1CD3D7A4005ABCF1 /* Dragon.xcdatamodel */;
			path = Dragon.xcdatamodeld;
			sourceTree = "<group>";
			versionGroupType = wrapper.xcdatamodel;
		};
/* End XCVersionGroup section */
	};
	rootObject = 4C69825C1CD3D7A4005ABCF1 /* Project object */;
}
